{
  "version": 4,
  "terraform_version": "1.15.4",
  "serial": 117,
  "lineage": "6ac77f9a-72da-0c6f-6633-2c9d4b623ce6",
  "outputs": {
    "ssh_key_path": {
      "value": "./zt-voting.pem",
      "type": "string"
    },
    "vm_api_private_ip": {
      "value": "10.10.0.81",
      "type": "string"
    },
    "vm_api_public_ip": {
      "value": "32.198.116.206",
      "type": "string"
    },
    "vm_app_private_ip": {
      "value": "10.10.1.199",
      "type": "string"
    },
    "vm_auth_private_ip": {
      "value": "10.10.1.73",
      "type": "string"
    },
    "vm_brokers_private_ip": {
      "value": "10.10.1.162",
      "type": "string"
    },
    "vm_core_private_ip": {
      "value": "10.10.1.33",
      "type": "string"
    },
    "vm_init_private_ip": {
      "value": "10.10.1.123",
      "type": "string"
    }
  },
  "resources": [
    {
      "mode": "data",
      "type": "aws_availability_zones",
      "name": "available",
      "provider": "provider[\"registry.terraform.io/hashicorp/aws\"]",
      "instances": [
        {
          "schema_version": 0,
          "attributes": {
            "all_availability_zones": null,
            "exclude_names": null,
            "exclude_zone_ids": null,
            "filter": null,
            "group_names": [
              "us-east-1-zg-1"
            ],
            "id": "us-east-1",
            "names": [
              "us-east-1a",
              "us-east-1b",
              "us-east-1c",
              "us-east-1d",
              "us-east-1e",
              "us-east-1f"
            ],
            "state": "available",
            "timeouts": null,
            "zone_ids": [
              "use1-az1",
              "use1-az2",
              "use1-az4",
              "use1-az6",
              "use1-az3",
              "use1-az5"
            ]
          },
          "sensitive_attributes": [],
          "identity_schema_version": 0
        }
      ]
    },
    {
      "mode": "managed",
      "type": "aws_eip",
      "name": "nat",
      "provider": "provider[\"registry.terraform.io/hashicorp/aws\"]",
      "instances": [
        {
          "schema_version": 0,
          "attributes": {
            "address": null,
            "allocation_id": "eipalloc-0912fb38dbd6fcfb5",
            "arn": "arn:aws:ec2:us-east-1:701057703379:elastic-ip/eipalloc-0912fb38dbd6fcfb5",
            "associate_with_private_ip": null,
            "association_id": "eipassoc-095be38409c55e282",
            "carrier_ip": "",
            "customer_owned_ip": "",
            "customer_owned_ipv4_pool": "",
            "domain": "vpc",
            "id": "eipalloc-0912fb38dbd6fcfb5",
            "instance": "",
            "ipam_pool_id": null,
            "network_border_group": "us-east-1",
            "network_interface": "eni-0bbe63bf2c6019e2b",
            "private_dns": "ip-10-10-0-80.ec2.internal",
            "private_ip": "10.10.0.80",
            "ptr_record": "",
            "public_dns": "ec2-44-223-154-154.compute-1.amazonaws.com",
            "public_ip": "44.223.154.154",
            "public_ipv4_pool": "amazon",
            "tags": {
              "Name": "zt-voting-nat-eip",
              "Project": "zt-voting"
            },
            "tags_all": {
              "ManagedBy": "Terraform",
              "Name": "zt-voting-nat-eip",
              "Project": "zt-voting"
            },
            "timeouts": null,
            "vpc": true
          },
          "sensitive_attributes": [],
          "identity_schema_version": 0,
          "private": "eyJlMmJmYjczMC1lY2FhLTExZTYtOGY4OC0zNDM2M2JjN2M0YzAiOnsiZGVsZXRlIjoxODAwMDAwMDAwMDAsInJlYWQiOjkwMDAwMDAwMDAwMCwidXBkYXRlIjozMDAwMDAwMDAwMDB9fQ=="
        }
      ]
    },
    {
      "mode": "managed",
      "type": "aws_instance",
      "name": "api",
      "provider": "provider[\"registry.terraform.io/hashicorp/aws\"]",
      "instances": [
        {
          "schema_version": 1,
          "attributes": {
            "ami": "ami-0e86e20dae9224db8",
            "arn": "arn:aws:ec2:us-east-1:701057703379:instance/i-0d1578543be79597c",
            "associate_public_ip_address": true,
            "availability_zone": "us-east-1a",
            "capacity_reservation_specification": [
              {
                "capacity_reservation_preference": "open",
                "capacity_reservation_target": []
              }
            ],
            "cpu_core_count": 1,
            "cpu_options": [
              {
                "amd_sev_snp": "",
                "core_count": 1,
                "threads_per_core": 2
              }
            ],
            "cpu_threads_per_core": 2,
            "credit_specification": [
              {
                "cpu_credits": "unlimited"
              }
            ],
            "disable_api_stop": false,
            "disable_api_termination": false,
            "ebs_block_device": [],
            "ebs_optimized": false,
            "enable_primary_ipv6": null,
            "enclave_options": [
              {
                "enabled": false
              }
            ],
            "ephemeral_block_device": [],
            "get_password_data": false,
            "hibernation": false,
            "host_id": "",
            "host_resource_group_arn": null,
            "iam_instance_profile": "",
            "id": "i-0d1578543be79597c",
            "instance_initiated_shutdown_behavior": "stop",
            "instance_lifecycle": "",
            "instance_market_options": [],
            "instance_state": "running",
            "instance_type": "t3.micro",
            "ipv6_address_count": 0,
            "ipv6_addresses": [],
            "key_name": "zt-voting-key",
            "launch_template": [],
            "maintenance_options": [
              {
                "auto_recovery": "default"
              }
            ],
            "metadata_options": [
              {
                "http_endpoint": "enabled",
                "http_protocol_ipv6": "disabled",
                "http_put_response_hop_limit": 2,
                "http_tokens": "required",
                "instance_metadata_tags": "disabled"
              }
            ],
            "monitoring": false,
            "network_interface": [],
            "outpost_arn": "",
            "password_data": "",
            "placement_group": "",
            "placement_partition_number": 0,
            "primary_network_interface_id": "eni-09f406cbed9ade736",
            "private_dns": "ip-10-10-0-81.ec2.internal",
            "private_dns_name_options": [
              {
                "enable_resource_name_dns_a_record": false,
                "enable_resource_name_dns_aaaa_record": false,
                "hostname_type": "ip-name"
              }
            ],
            "private_ip": "10.10.0.81",
            "public_dns": "ec2-32-198-116-206.compute-1.amazonaws.com",
            "public_ip": "32.198.116.206",
            "root_block_device": [
              {
                "delete_on_termination": true,
                "device_name": "/dev/sda1",
                "encrypted": false,
                "iops": 3000,
                "kms_key_id": "",
                "tags": {},
                "tags_all": {
                  "ManagedBy": "Terraform",
                  "Project": "zt-voting"
                },
                "throughput": 125,
                "volume_id": "vol-075216b55db16d46c",
                "volume_size": 20,
                "volume_type": "gp3"
              }
            ],
            "secondary_private_ips": [],
            "security_groups": [],
            "source_dest_check": true,
            "spot_instance_request_id": "",
            "subnet_id": "subnet-0ea0c9d9e42cc2aef",
            "tags": {
              "Name": "zt-voting-vm-api",
              "Project": "zt-voting",
              "Role": "api"
            },
            "tags_all": {
              "ManagedBy": "Terraform",
              "Name": "zt-voting-vm-api",
              "Project": "zt-voting",
              "Role": "api"
            },
            "tenancy": "default",
            "timeouts": null,
            "user_data": null,
            "user_data_base64": "I2Nsb3VkLWNvbmZpZwpwYWNrYWdlX3VwZGF0ZTogdHJ1ZQpwYWNrYWdlczoKICAtIHB5dGhvbjMKICAtIHB5dGhvbjMtcGlwCg==",
            "user_data_replace_on_change": false,
            "volume_tags": null,
            "vpc_security_group_ids": [
              "sg-00491edd193ed58af"
            ]
          },
          "sensitive_attributes": [],
          "identity_schema_version": 0,
          "private": "eyJlMmJmYjczMC1lY2FhLTExZTYtOGY4OC0zNDM2M2JjN2M0YzAiOnsiY3JlYXRlIjo2MDAwMDAwMDAwMDAsImRlbGV0ZSI6MTIwMDAwMDAwMDAwMCwicmVhZCI6OTAwMDAwMDAwMDAwLCJ1cGRhdGUiOjYwMDAwMDAwMDAwMH0sInNjaGVtYV92ZXJzaW9uIjoiMSJ9",
          "dependencies": [
            "aws_key_pair.main",
            "aws_security_group.api",
            "aws_subnet.public",
            "aws_vpc.main",
            "data.aws_availability_zones.available",
            "tls_private_key.ssh"
          ]
        }
      ]
    },
    {
      "mode": "managed",
      "type": "aws_instance",
      "name": "app",
      "provider": "provider[\"registry.terraform.io/hashicorp/aws\"]",
      "instances": [
        {
          "schema_version": 1,
          "attributes": {
            "ami": "ami-0e86e20dae9224db8",
            "arn": "arn:aws:ec2:us-east-1:701057703379:instance/i-0987d143e1cca04c0",
            "associate_public_ip_address": false,
            "availability_zone": "us-east-1a",
            "capacity_reservation_specification": [
              {
                "capacity_reservation_preference": "open",
                "capacity_reservation_target": []
              }
            ],
            "cpu_core_count": 1,
            "cpu_options": [
              {
                "amd_sev_snp": "",
                "core_count": 1,
                "threads_per_core": 2
              }
            ],
            "cpu_threads_per_core": 2,
            "credit_specification": [
              {
                "cpu_credits": "unlimited"
              }
            ],
            "disable_api_stop": false,
            "disable_api_termination": false,
            "ebs_block_device": [],
            "ebs_optimized": false,
            "enable_primary_ipv6": null,
            "enclave_options": [
              {
                "enabled": false
              }
            ],
            "ephemeral_block_device": [],
            "get_password_data": false,
            "hibernation": false,
            "host_id": "",
            "host_resource_group_arn": null,
            "iam_instance_profile": "",
            "id": "i-0987d143e1cca04c0",
            "instance_initiated_shutdown_behavior": "stop",
            "instance_lifecycle": "",
            "instance_market_options": [],
            "instance_state": "running",
            "instance_type": "t3.micro",
            "ipv6_address_count": 0,
            "ipv6_addresses": [],
            "key_name": "zt-voting-key",
            "launch_template": [],
            "maintenance_options": [
              {
                "auto_recovery": "default"
              }
            ],
            "metadata_options": [
              {
                "http_endpoint": "enabled",
                "http_protocol_ipv6": "disabled",
                "http_put_response_hop_limit": 2,
                "http_tokens": "required",
                "instance_metadata_tags": "disabled"
              }
            ],
            "monitoring": false,
            "network_interface": [],
            "outpost_arn": "",
            "password_data": "",
            "placement_group": "",
            "placement_partition_number": 0,
            "primary_network_interface_id": "eni-0a4ff29531c329ac6",
            "private_dns": "ip-10-10-1-199.ec2.internal",
            "private_dns_name_options": [
              {
                "enable_resource_name_dns_a_record": false,
                "enable_resource_name_dns_aaaa_record": false,
                "hostname_type": "ip-name"
              }
            ],
            "private_ip": "10.10.1.199",
            "public_dns": "",
            "public_ip": "",
            "root_block_device": [
              {
                "delete_on_termination": true,
                "device_name": "/dev/sda1",
                "encrypted": false,
                "iops": 3000,
                "kms_key_id": "",
                "tags": {},
                "tags_all": {
                  "ManagedBy": "Terraform",
                  "Project": "zt-voting"
                },
                "throughput": 125,
                "volume_id": "vol-09c4ee1696832e416",
                "volume_size": 20,
                "volume_type": "gp3"
              }
            ],
            "secondary_private_ips": [],
            "security_groups": [],
            "source_dest_check": true,
            "spot_instance_request_id": "",
            "subnet_id": "subnet-080ae01a2a787345a",
            "tags": {
              "Name": "zt-voting-vm-app",
              "Project": "zt-voting",
              "Role": "app"
            },
            "tags_all": {
              "ManagedBy": "Terraform",
              "Name": "zt-voting-vm-app",
              "Project": "zt-voting",
              "Role": "app"
            },
            "tenancy": "default",
            "timeouts": null,
            "user_data": null,
            "user_data_base64": "I2Nsb3VkLWNvbmZpZwpwYWNrYWdlX3VwZGF0ZTogdHJ1ZQpwYWNrYWdlczoKICAtIHB5dGhvbjMKICAtIHB5dGhvbjMtcGlwCg==",
            "user_data_replace_on_change": false,
            "volume_tags": null,
            "vpc_security_group_ids": [
              "sg-01e761e971653d397"
            ]
          },
          "sensitive_attributes": [],
          "identity_schema_version": 0,
          "private": "eyJlMmJmYjczMC1lY2FhLTExZTYtOGY4OC0zNDM2M2JjN2M0YzAiOnsiY3JlYXRlIjo2MDAwMDAwMDAwMDAsImRlbGV0ZSI6MTIwMDAwMDAwMDAwMCwicmVhZCI6OTAwMDAwMDAwMDAwLCJ1cGRhdGUiOjYwMDAwMDAwMDAwMH0sInNjaGVtYV92ZXJzaW9uIjoiMSJ9",
          "dependencies": [
            "aws_key_pair.main",
            "aws_security_group.app",
            "aws_subnet.private",
            "aws_vpc.main",
            "data.aws_availability_zones.available",
            "tls_private_key.ssh"
          ]
        }
      ]
    },
    {
      "mode": "managed",
      "type": "aws_instance",
      "name": "auth",
      "provider": "provider[\"registry.terraform.io/hashicorp/aws\"]",
      "instances": [
        {
          "schema_version": 1,
          "attributes": {
            "ami": "ami-0e86e20dae9224db8",
            "arn": "arn:aws:ec2:us-east-1:701057703379:instance/i-07ae58a6f87581a27",
            "associate_public_ip_address": false,
            "availability_zone": "us-east-1a",
            "capacity_reservation_specification": [
              {
                "capacity_reservation_preference": "open",
                "capacity_reservation_target": []
              }
            ],
            "cpu_core_count": 1,
            "cpu_options": [
              {
                "amd_sev_snp": "",
                "core_count": 1,
                "threads_per_core": 2
              }
            ],
            "cpu_threads_per_core": 2,
            "credit_specification": [
              {
                "cpu_credits": "unlimited"
              }
            ],
            "disable_api_stop": false,
            "disable_api_termination": false,
            "ebs_block_device": [],
            "ebs_optimized": false,
            "enable_primary_ipv6": null,
            "enclave_options": [
              {
                "enabled": false
              }
            ],
            "ephemeral_block_device": [],
            "get_password_data": false,
            "hibernation": false,
            "host_id": "",
            "host_resource_group_arn": null,
            "iam_instance_profile": "",
            "id": "i-07ae58a6f87581a27",
            "instance_initiated_shutdown_behavior": "stop",
            "instance_lifecycle": "",
            "instance_market_options": [],
            "instance_state": "running",
            "instance_type": "t3.micro",
            "ipv6_address_count": 0,
            "ipv6_addresses": [],
            "key_name": "zt-voting-key",
            "launch_template": [],
            "maintenance_options": [
              {
                "auto_recovery": "default"
              }
            ],
            "metadata_options": [
              {
                "http_endpoint": "enabled",
                "http_protocol_ipv6": "disabled",
                "http_put_response_hop_limit": 2,
                "http_tokens": "required",
                "instance_metadata_tags": "disabled"
              }
            ],
            "monitoring": false,
            "network_interface": [],
            "outpost_arn": "",
            "password_data": "",
            "placement_group": "",
            "placement_partition_number": 0,
            "primary_network_interface_id": "eni-0705fc07eedc59cdd",
            "private_dns": "ip-10-10-1-73.ec2.internal",
            "private_dns_name_options": [
              {
                "enable_resource_name_dns_a_record": false,
                "enable_resource_name_dns_aaaa_record": false,
                "hostname_type": "ip-name"
              }
            ],
            "private_ip": "10.10.1.73",
            "public_dns": "",
            "public_ip": "",
            "root_block_device": [
              {
                "delete_on_termination": true,
                "device_name": "/dev/sda1",
                "encrypted": false,
                "iops": 3000,
                "kms_key_id": "",
                "tags": {},
                "tags_all": {
                  "ManagedBy": "Terraform",
                  "Project": "zt-voting"
                },
                "throughput": 125,
                "volume_id": "vol-0d9404a156d46ca46",
                "volume_size": 20,
                "volume_type": "gp3"
              }
            ],
            "secondary_private_ips": [],
            "security_groups": [],
            "source_dest_check": true,
            "spot_instance_request_id": "",
            "subnet_id": "subnet-080ae01a2a787345a",
            "tags": {
              "Name": "zt-voting-vm-auth",
              "Project": "zt-voting",
              "Role": "auth"
            },
            "tags_all": {
              "ManagedBy": "Terraform",
              "Name": "zt-voting-vm-auth",
              "Project": "zt-voting",
              "Role": "auth"
            },
            "tenancy": "default",
            "timeouts": null,
            "user_data": null,
            "user_data_base64": "I2Nsb3VkLWNvbmZpZwpwYWNrYWdlX3VwZGF0ZTogdHJ1ZQpwYWNrYWdlczoKICAtIHB5dGhvbjMKICAtIHB5dGhvbjMtcGlwCg==",
            "user_data_replace_on_change": false,
            "volume_tags": null,
            "vpc_security_group_ids": [
              "sg-005b20e6b0e547e7a"
            ]
          },
          "sensitive_attributes": [],
          "identity_schema_version": 0,
          "private": "eyJlMmJmYjczMC1lY2FhLTExZTYtOGY4OC0zNDM2M2JjN2M0YzAiOnsiY3JlYXRlIjo2MDAwMDAwMDAwMDAsImRlbGV0ZSI6MTIwMDAwMDAwMDAwMCwicmVhZCI6OTAwMDAwMDAwMDAwLCJ1cGRhdGUiOjYwMDAwMDAwMDAwMH0sInNjaGVtYV92ZXJzaW9uIjoiMSJ9",
          "dependencies": [
            "aws_key_pair.main",
            "aws_security_group.auth",
            "aws_subnet.private",
            "aws_vpc.main",
            "data.aws_availability_zones.available",
            "tls_private_key.ssh"
          ]
        }
      ]
    },
    {
      "mode": "managed",
      "type": "aws_instance",
      "name": "brokers",
      "provider": "provider[\"registry.terraform.io/hashicorp/aws\"]",
      "instances": [
        {
          "schema_version": 1,
          "attributes": {
            "ami": "ami-0e86e20dae9224db8",
            "arn": "arn:aws:ec2:us-east-1:701057703379:instance/i-0d1e1eb6ffbcedcf0",
            "associate_public_ip_address": false,
            "availability_zone": "us-east-1a",
            "capacity_reservation_specification": [
              {
                "capacity_reservation_preference": "open",
                "capacity_reservation_target": []
              }
            ],
            "cpu_core_count": 1,
            "cpu_options": [
              {
                "amd_sev_snp": "",
                "core_count": 1,
                "threads_per_core": 2
              }
            ],
            "cpu_threads_per_core": 2,
            "credit_specification": [
              {
                "cpu_credits": "unlimited"
              }
            ],
            "disable_api_stop": false,
            "disable_api_termination": false,
            "ebs_block_device": [],
            "ebs_optimized": false,
            "enable_primary_ipv6": null,
            "enclave_options": [
              {
                "enabled": false
              }
            ],
            "ephemeral_block_device": [],
            "get_password_data": false,
            "hibernation": false,
            "host_id": "",
            "host_resource_group_arn": null,
            "iam_instance_profile": "",
            "id": "i-0d1e1eb6ffbcedcf0",
            "instance_initiated_shutdown_behavior": "stop",
            "instance_lifecycle": "",
            "instance_market_options": [],
            "instance_state": "running",
            "instance_type": "t3.small",
            "ipv6_address_count": 0,
            "ipv6_addresses": [],
            "key_name": "zt-voting-key",
            "launch_template": [],
            "maintenance_options": [
              {
                "auto_recovery": "default"
              }
            ],
            "metadata_options": [
              {
                "http_endpoint": "enabled",
                "http_protocol_ipv6": "disabled",
                "http_put_response_hop_limit": 2,
                "http_tokens": "required",
                "instance_metadata_tags": "disabled"
              }
            ],
            "monitoring": false,
            "network_interface": [],
            "outpost_arn": "",
            "password_data": "",
            "placement_group": "",
            "placement_partition_number": 0,
            "primary_network_interface_id": "eni-0c2830a12f8f6a46b",
            "private_dns": "ip-10-10-1-162.ec2.internal",
            "private_dns_name_options": [
              {
                "enable_resource_name_dns_a_record": false,
                "enable_resource_name_dns_aaaa_record": false,
                "hostname_type": "ip-name"
              }
            ],
            "private_ip": "10.10.1.162",
            "public_dns": "",
            "public_ip": "",
            "root_block_device": [
              {
                "delete_on_termination": true,
                "device_name": "/dev/sda1",
                "encrypted": false,
                "iops": 3000,
                "kms_key_id": "",
                "tags": {},
                "tags_all": {
                  "ManagedBy": "Terraform",
                  "Project": "zt-voting"
                },
                "throughput": 125,
                "volume_id": "vol-066c32781df903b23",
                "volume_size": 20,
                "volume_type": "gp3"
              }
            ],
            "secondary_private_ips": [],
            "security_groups": [],
            "source_dest_check": true,
            "spot_instance_request_id": "",
            "subnet_id": "subnet-080ae01a2a787345a",
            "tags": {
              "Name": "zt-voting-vm-brokers",
              "Project": "zt-voting",
              "Role": "brokers"
            },
            "tags_all": {
              "ManagedBy": "Terraform",
              "Name": "zt-voting-vm-brokers",
              "Project": "zt-voting",
              "Role": "brokers"
            },
            "tenancy": "default",
            "timeouts": null,
            "user_data": null,
            "user_data_base64": "I2Nsb3VkLWNvbmZpZwpwYWNrYWdlX3VwZGF0ZTogdHJ1ZQpwYWNrYWdlczoKICAtIHB5dGhvbjMKICAtIHB5dGhvbjMtcGlwCg==",
            "user_data_replace_on_change": false,
            "volume_tags": null,
            "vpc_security_group_ids": [
              "sg-09f2eb80d07531388"
            ]
          },
          "sensitive_attributes": [],
          "identity_schema_version": 0,
          "private": "eyJlMmJmYjczMC1lY2FhLTExZTYtOGY4OC0zNDM2M2JjN2M0YzAiOnsiY3JlYXRlIjo2MDAwMDAwMDAwMDAsImRlbGV0ZSI6MTIwMDAwMDAwMDAwMCwicmVhZCI6OTAwMDAwMDAwMDAwLCJ1cGRhdGUiOjYwMDAwMDAwMDAwMH0sInNjaGVtYV92ZXJzaW9uIjoiMSJ9",
          "dependencies": [
            "aws_key_pair.main",
            "aws_security_group.brokers",
            "aws_subnet.private",
            "aws_vpc.main",
            "data.aws_availability_zones.available",
            "tls_private_key.ssh"
          ]
        }
      ]
    },
    {
      "mode": "managed",
      "type": "aws_instance",
      "name": "core",
      "provider": "provider[\"registry.terraform.io/hashicorp/aws\"]",
      "instances": [
        {
          "schema_version": 1,
          "attributes": {
            "ami": "ami-0e86e20dae9224db8",
            "arn": "arn:aws:ec2:us-east-1:701057703379:instance/i-039d1a9ee349995ec",
            "associate_public_ip_address": false,
            "availability_zone": "us-east-1a",
            "capacity_reservation_specification": [
              {
                "capacity_reservation_preference": "open",
                "capacity_reservation_target": []
              }
            ],
            "cpu_core_count": 1,
            "cpu_options": [
              {
                "amd_sev_snp": "",
                "core_count": 1,
                "threads_per_core": 2
              }
            ],
            "cpu_threads_per_core": 2,
            "credit_specification": [
              {
                "cpu_credits": "unlimited"
              }
            ],
            "disable_api_stop": false,
            "disable_api_termination": false,
            "ebs_block_device": [],
            "ebs_optimized": false,
            "enable_primary_ipv6": null,
            "enclave_options": [
              {
                "enabled": false
              }
            ],
            "ephemeral_block_device": [],
            "get_password_data": false,
            "hibernation": false,
            "host_id": "",
            "host_resource_group_arn": null,
            "iam_instance_profile": "",
            "id": "i-039d1a9ee349995ec",
            "instance_initiated_shutdown_behavior": "stop",
            "instance_lifecycle": "",
            "instance_market_options": [],
            "instance_state": "running",
            "instance_type": "t3.small",
            "ipv6_address_count": 0,
            "ipv6_addresses": [],
            "key_name": "zt-voting-key",
            "launch_template": [],
            "maintenance_options": [
              {
                "auto_recovery": "default"
              }
            ],
            "metadata_options": [
              {
                "http_endpoint": "enabled",
                "http_protocol_ipv6": "disabled",
                "http_put_response_hop_limit": 2,
                "http_tokens": "required",
                "instance_metadata_tags": "disabled"
              }
            ],
            "monitoring": false,
            "network_interface": [],
            "outpost_arn": "",
            "password_data": "",
            "placement_group": "",
            "placement_partition_number": 0,
            "primary_network_interface_id": "eni-023ea89317585b2cc",
            "private_dns": "ip-10-10-1-33.ec2.internal",
            "private_dns_name_options": [
              {
                "enable_resource_name_dns_a_record": false,
                "enable_resource_name_dns_aaaa_record": false,
                "hostname_type": "ip-name"
              }
            ],
            "private_ip": "10.10.1.33",
            "public_dns": "",
            "public_ip": "",
            "root_block_device": [
              {
                "delete_on_termination": true,
                "device_name": "/dev/sda1",
                "encrypted": false,
                "iops": 3000,
                "kms_key_id": "",
                "tags": {},
                "tags_all": {
                  "ManagedBy": "Terraform",
                  "Project": "zt-voting"
                },
                "throughput": 125,
                "volume_id": "vol-0158dae48153cab32",
                "volume_size": 20,
                "volume_type": "gp3"
              }
            ],
            "secondary_private_ips": [],
            "security_groups": [],
            "source_dest_check": true,
            "spot_instance_request_id": "",
            "subnet_id": "subnet-080ae01a2a787345a",
            "tags": {
              "Name": "zt-voting-vm-core",
              "Project": "zt-voting",
              "Role": "core"
            },
            "tags_all": {
              "ManagedBy": "Terraform",
              "Name": "zt-voting-vm-core",
              "Project": "zt-voting",
              "Role": "core"
            },
            "tenancy": "default",
            "timeouts": null,
            "user_data": null,
            "user_data_base64": "I2Nsb3VkLWNvbmZpZwpwYWNrYWdlX3VwZGF0ZTogdHJ1ZQpwYWNrYWdlczoKICAtIHB5dGhvbjMKICAtIHB5dGhvbjMtcGlwCg==",
            "user_data_replace_on_change": false,
            "volume_tags": null,
            "vpc_security_group_ids": [
              "sg-03f987a0f600fc79a"
            ]
          },
          "sensitive_attributes": [],
          "identity_schema_version": 0,
          "private": "eyJlMmJmYjczMC1lY2FhLTExZTYtOGY4OC0zNDM2M2JjN2M0YzAiOnsiY3JlYXRlIjo2MDAwMDAwMDAwMDAsImRlbGV0ZSI6MTIwMDAwMDAwMDAwMCwicmVhZCI6OTAwMDAwMDAwMDAwLCJ1cGRhdGUiOjYwMDAwMDAwMDAwMH0sInNjaGVtYV92ZXJzaW9uIjoiMSJ9",
          "dependencies": [
            "aws_key_pair.main",
            "aws_security_group.core",
            "aws_subnet.private",
            "aws_vpc.main",
            "data.aws_availability_zones.available",
            "tls_private_key.ssh"
          ]
        }
      ]
    },
    {
      "mode": "managed",
      "type": "aws_instance",
      "name": "init",
      "provider": "provider[\"registry.terraform.io/hashicorp/aws\"]",
      "instances": [
        {
          "schema_version": 1,
          "attributes": {
            "ami": "ami-0e86e20dae9224db8",
            "arn": "arn:aws:ec2:us-east-1:701057703379:instance/i-0b488874b461648c7",
            "associate_public_ip_address": false,
            "availability_zone": "us-east-1a",
            "capacity_reservation_specification": [
              {
                "capacity_reservation_preference": "open",
                "capacity_reservation_target": []
              }
            ],
            "cpu_core_count": 1,
            "cpu_options": [
              {
                "amd_sev_snp": "",
                "core_count": 1,
                "threads_per_core": 2
              }
            ],
            "cpu_threads_per_core": 2,
            "credit_specification": [
              {
                "cpu_credits": "unlimited"
              }
            ],
            "disable_api_stop": false,
            "disable_api_termination": false,
            "ebs_block_device": [],
            "ebs_optimized": false,
            "enable_primary_ipv6": null,
            "enclave_options": [
              {
                "enabled": false
              }
            ],
            "ephemeral_block_device": [],
            "get_password_data": false,
            "hibernation": false,
            "host_id": "",
            "host_resource_group_arn": null,
            "iam_instance_profile": "",
            "id": "i-0b488874b461648c7",
            "instance_initiated_shutdown_behavior": "stop",
            "instance_lifecycle": "",
            "instance_market_options": [],
            "instance_state": "running",
            "instance_type": "t3.micro",
            "ipv6_address_count": 0,
            "ipv6_addresses": [],
            "key_name": "zt-voting-key",
            "launch_template": [],
            "maintenance_options": [
              {
                "auto_recovery": "default"
              }
            ],
            "metadata_options": [
              {
                "http_endpoint": "enabled",
                "http_protocol_ipv6": "disabled",
                "http_put_response_hop_limit": 2,
                "http_tokens": "required",
                "instance_metadata_tags": "disabled"
              }
            ],
            "monitoring": false,
            "network_interface": [],
            "outpost_arn": "",
            "password_data": "",
            "placement_group": "",
            "placement_partition_number": 0,
            "primary_network_interface_id": "eni-06fcbdcc580436455",
            "private_dns": "ip-10-10-1-123.ec2.internal",
            "private_dns_name_options": [
              {
                "enable_resource_name_dns_a_record": false,
                "enable_resource_name_dns_aaaa_record": false,
                "hostname_type": "ip-name"
              }
            ],
            "private_ip": "10.10.1.123",
            "public_dns": "",
            "public_ip": "",
            "root_block_device": [
              {
                "delete_on_termination": true,
                "device_name": "/dev/sda1",
                "encrypted": false,
                "iops": 3000,
                "kms_key_id": "",
                "tags": {},
                "tags_all": {
                  "ManagedBy": "Terraform",
                  "Project": "zt-voting"
                },
                "throughput": 125,
                "volume_id": "vol-016c491f4ba209b2b",
                "volume_size": 20,
                "volume_type": "gp3"
              }
            ],
            "secondary_private_ips": [],
            "security_groups": [],
            "source_dest_check": true,
            "spot_instance_request_id": "",
            "subnet_id": "subnet-080ae01a2a787345a",
            "tags": {
              "Name": "zt-voting-vm-init",
              "Project": "zt-voting",
              "Role": "init"
            },
            "tags_all": {
              "ManagedBy": "Terraform",
              "Name": "zt-voting-vm-init",
              "Project": "zt-voting",
              "Role": "init"
            },
            "tenancy": "default",
            "timeouts": null,
            "user_data": null,
            "user_data_base64": "I2Nsb3VkLWNvbmZpZwpwYWNrYWdlX3VwZGF0ZTogdHJ1ZQpwYWNrYWdlczoKICAtIHB5dGhvbjMKICAtIHB5dGhvbjMtcGlwCg==",
            "user_data_replace_on_change": false,
            "volume_tags": null,
            "vpc_security_group_ids": [
              "sg-01a869c56e58db58d"
            ]
          },
          "sensitive_attributes": [],
          "identity_schema_version": 0,
          "private": "eyJlMmJmYjczMC1lY2FhLTExZTYtOGY4OC0zNDM2M2JjN2M0YzAiOnsiY3JlYXRlIjo2MDAwMDAwMDAwMDAsImRlbGV0ZSI6MTIwMDAwMDAwMDAwMCwicmVhZCI6OTAwMDAwMDAwMDAwLCJ1cGRhdGUiOjYwMDAwMDAwMDAwMH0sInNjaGVtYV92ZXJzaW9uIjoiMSJ9",
          "dependencies": [
            "aws_key_pair.main",
            "aws_security_group.init",
            "aws_subnet.private",
            "aws_vpc.main",
            "data.aws_availability_zones.available",
            "tls_private_key.ssh"
          ]
        }
      ]
    },
    {
      "mode": "managed",
      "type": "aws_internet_gateway",
      "name": "igw",
      "provider": "provider[\"registry.terraform.io/hashicorp/aws\"]",
      "instances": [
        {
          "schema_version": 0,
          "attributes": {
            "arn": "arn:aws:ec2:us-east-1:701057703379:internet-gateway/igw-0807817c9108b2d45",
            "id": "igw-0807817c9108b2d45",
            "owner_id": "701057703379",
            "tags": {
              "Name": "zt-voting-igw",
              "Project": "zt-voting"
            },
            "tags_all": {
              "ManagedBy": "Terraform",
              "Name": "zt-voting-igw",
              "Project": "zt-voting"
            },
            "timeouts": null,
            "vpc_id": "vpc-021ee9ef2c76e8c36"
          },
          "sensitive_attributes": [],
          "identity_schema_version": 0,
          "private": "eyJlMmJmYjczMC1lY2FhLTExZTYtOGY4OC0zNDM2M2JjN2M0YzAiOnsiY3JlYXRlIjoxMjAwMDAwMDAwMDAwLCJkZWxldGUiOjEyMDAwMDAwMDAwMDAsInVwZGF0ZSI6MTIwMDAwMDAwMDAwMH19",
          "dependencies": [
            "aws_vpc.main"
          ]
        }
      ]
    },
    {
      "mode": "managed",
      "type": "aws_key_pair",
      "name": "main",
      "provider": "provider[\"registry.terraform.io/hashicorp/aws\"]",
      "instances": [
        {
          "schema_version": 1,
          "attributes": {
            "arn": "arn:aws:ec2:us-east-1:701057703379:key-pair/zt-voting-key",
            "fingerprint": "f6:4d:ee:4a:fc:4c:d3:d4:1c:01:7f:ad:66:89:b7:84",
            "id": "zt-voting-key",
            "key_name": "zt-voting-key",
            "key_name_prefix": "",
            "key_pair_id": "key-02f72e800d0728af3",
            "key_type": "rsa",
            "public_key": "ssh-rsa AAAAB3NzaC1yc2EAAAADAQABAAACAQDefF2xJ1wKwkrzZ3D6mDV3x/nLW4Wh5pn122YoD3uJkHunqPits/4bp0qnIyEWk1eNcvnTMxTVQklx0rHjCSsYoLxHRp0XpWAKIZ/w3b4d1CcYFI0Ag69jEZSxxXqZ2V2tVbsSBaaCHc6AO/mM9GSiO/R0fZ4owrKrSiAIfKgZrj8YGvoe7t31WO1rydm+N9ms7S+N8MSdHAAxaGuyJScOEyp3DKbW/AivNYm6SEN/O+FUCNtCfX9LN+g2vDNUvuaepGUi547wTJJf66m3IUfD7JUZRhCOLFs9tL+jJ7DWyJK1yGjaiUW4aI0vdQj+VpNPBJ+uU6IdGsaw8HOAk/1e6ivrivlSzuisWeJblLTFCh7IuC8mHudOoYBXer4t2TishLGbLYI/NxJEwnAtNg3WGrlYLIcEqnUmrSjJJ21AuvtIMKVGiUixytvy0I9lWZ/++NM/1d+RfzYaY5J9emSXKX2TSmGe+Hq6RjmAxTshlLVW4psSeM/lPuPYotn5bvqxLBPKXycfYkk6lbYdkA9hfhMn4GhU/FK7WQTlcwMiv6WW6KnuRsDmvUwbZYfc2Ki+Grhk6sf5jPG6q6Pqa9ovYfQku+5ZlxkmbQQWMfl9mI/mA8Gf3iqYB1UnL1sfWFJBThKuj5BygQgSX5s3uJo7PC7e9YHI1BEjT+6mv1SrAw==",
            "tags": {
              "Name": "zt-voting-key",
              "Project": "zt-voting"
            },
            "tags_all": {
              "ManagedBy": "Terraform",
              "Name": "zt-voting-key",
              "Project": "zt-voting"
            }
          },
          "sensitive_attributes": [],
          "identity_schema_version": 0,
          "private": "eyJzY2hlbWFfdmVyc2lvbiI6IjEifQ==",
          "dependencies": [
            "tls_private_key.ssh"
          ]
        }
      ]
    },
    {
      "mode": "managed",
      "type": "aws_nat_gateway",
      "name": "nat",
      "provider": "provider[\"registry.terraform.io/hashicorp/aws\"]",
      "instances": [
        {
          "schema_version": 0,
          "attributes": {
            "allocation_id": "eipalloc-0912fb38dbd6fcfb5",
            "association_id": "eipassoc-095be38409c55e282",
            "connectivity_type": "public",
            "id": "nat-0b2ef94c501520f12",
            "network_interface_id": "eni-0bbe63bf2c6019e2b",
            "private_ip": "10.10.0.80",
            "public_ip": "44.223.154.154",
            "secondary_allocation_ids": [],
            "secondary_private_ip_address_count": 0,
            "secondary_private_ip_addresses": [],
            "subnet_id": "subnet-0ea0c9d9e42cc2aef",
            "tags": {
              "Name": "zt-voting-nat",
              "Project": "zt-voting"
            },
            "tags_all": {
              "ManagedBy": "Terraform",
              "Name": "zt-voting-nat",
              "Project": "zt-voting"
            },
            "timeouts": null
          },
          "sensitive_attributes": [],
          "identity_schema_version": 0,
          "private": "eyJlMmJmYjczMC1lY2FhLTExZTYtOGY4OC0zNDM2M2JjN2M0YzAiOnsiY3JlYXRlIjo2MDAwMDAwMDAwMDAsImRlbGV0ZSI6MTgwMDAwMDAwMDAwMCwidXBkYXRlIjo2MDAwMDAwMDAwMDB9fQ==",
          "dependencies": [
            "aws_eip.nat",
            "aws_internet_gateway.igw",
            "aws_subnet.public",
            "aws_vpc.main",
            "data.aws_availability_zones.available"
          ]
        }
      ]
    },
    {
      "mode": "managed",
      "type": "aws_route_table",
      "name": "private",
      "provider": "provider[\"registry.terraform.io/hashicorp/aws\"]",
      "instances": [
        {
          "schema_version": 0,
          "attributes": {
            "arn": "arn:aws:ec2:us-east-1:701057703379:route-table/rtb-0af17e87440c64267",
            "id": "rtb-0af17e87440c64267",
            "owner_id": "701057703379",
            "propagating_vgws": [],
            "route": [
              {
                "carrier_gateway_id": "",
                "cidr_block": "0.0.0.0/0",
                "core_network_arn": "",
                "destination_prefix_list_id": "",
                "egress_only_gateway_id": "",
                "gateway_id": "",
                "ipv6_cidr_block": "",
                "local_gateway_id": "",
                "nat_gateway_id": "nat-0b2ef94c501520f12",
                "network_interface_id": "",
                "transit_gateway_id": "",
                "vpc_endpoint_id": "",
                "vpc_peering_connection_id": ""
              }
            ],
            "tags": {
              "Name": "zt-voting-rt-private",
              "Project": "zt-voting"
            },
            "tags_all": {
              "ManagedBy": "Terraform",
              "Name": "zt-voting-rt-private",
              "Project": "zt-voting"
            },
            "timeouts": null,
            "vpc_id": "vpc-021ee9ef2c76e8c36"
          },
          "sensitive_attributes": [],
          "identity_schema_version": 0,
          "private": "eyJlMmJmYjczMC1lY2FhLTExZTYtOGY4OC0zNDM2M2JjN2M0YzAiOnsiY3JlYXRlIjozMDAwMDAwMDAwMDAsImRlbGV0ZSI6MzAwMDAwMDAwMDAwLCJ1cGRhdGUiOjEyMDAwMDAwMDAwMH19",
          "dependencies": [
            "aws_eip.nat",
            "aws_internet_gateway.igw",
            "aws_nat_gateway.nat",
            "aws_subnet.public",
            "aws_vpc.main",
            "data.aws_availability_zones.available"
          ]
        }
      ]
    },
    {
      "mode": "managed",
      "type": "aws_route_table",
      "name": "public",
      "provider": "provider[\"registry.terraform.io/hashicorp/aws\"]",
      "instances": [
        {
          "schema_version": 0,
          "attributes": {
            "arn": "arn:aws:ec2:us-east-1:701057703379:route-table/rtb-031979fdad2a7c75d",
            "id": "rtb-031979fdad2a7c75d",
            "owner_id": "701057703379",
            "propagating_vgws": [],
            "route": [
              {
                "carrier_gateway_id": "",
                "cidr_block": "0.0.0.0/0",
                "core_network_arn": "",
                "destination_prefix_list_id": "",
                "egress_only_gateway_id": "",
                "gateway_id": "igw-0807817c9108b2d45",
                "ipv6_cidr_block": "",
                "local_gateway_id": "",
                "nat_gateway_id": "",
                "network_interface_id": "",
                "transit_gateway_id": "",
                "vpc_endpoint_id": "",
                "vpc_peering_connection_id": ""
              }
            ],
            "tags": {
              "Name": "zt-voting-rt-public",
              "Project": "zt-voting"
            },
            "tags_all": {
              "ManagedBy": "Terraform",
              "Name": "zt-voting-rt-public",
              "Project": "zt-voting"
            },
            "timeouts": null,
            "vpc_id": "vpc-021ee9ef2c76e8c36"
          },
          "sensitive_attributes": [],
          "identity_schema_version": 0,
          "private": "eyJlMmJmYjczMC1lY2FhLTExZTYtOGY4OC0zNDM2M2JjN2M0YzAiOnsiY3JlYXRlIjozMDAwMDAwMDAwMDAsImRlbGV0ZSI6MzAwMDAwMDAwMDAwLCJ1cGRhdGUiOjEyMDAwMDAwMDAwMH19",
          "dependencies": [
            "aws_internet_gateway.igw",
            "aws_vpc.main"
          ]
        }
      ]
    },
    {
      "mode": "managed",
      "type": "aws_route_table_association",
      "name": "private",
      "provider": "provider[\"registry.terraform.io/hashicorp/aws\"]",
      "instances": [
        {
          "schema_version": 0,
          "attributes": {
            "gateway_id": "",
            "id": "rtbassoc-0ead8eb72b9f9c0ed",
            "route_table_id": "rtb-0af17e87440c64267",
            "subnet_id": "subnet-080ae01a2a787345a",
            "timeouts": null
          },
          "sensitive_attributes": [],
          "identity_schema_version": 0,
          "private": "eyJlMmJmYjczMC1lY2FhLTExZTYtOGY4OC0zNDM2M2JjN2M0YzAiOnsiY3JlYXRlIjozMDAwMDAwMDAwMDAsImRlbGV0ZSI6MzAwMDAwMDAwMDAwLCJ1cGRhdGUiOjEyMDAwMDAwMDAwMH19",
          "dependencies": [
            "aws_eip.nat",
            "aws_internet_gateway.igw",
            "aws_nat_gateway.nat",
            "aws_route_table.private",
            "aws_subnet.private",
            "aws_subnet.public",
            "aws_vpc.main",
            "data.aws_availability_zones.available"
          ]
        }
      ]
    },
    {
      "mode": "managed",
      "type": "aws_route_table_association",
      "name": "public",
      "provider": "provider[\"registry.terraform.io/hashicorp/aws\"]",
      "instances": [
        {
          "schema_version": 0,
          "attributes": {
            "gateway_id": "",
            "id": "rtbassoc-074d62a26716f1eb1",
            "route_table_id": "rtb-031979fdad2a7c75d",
            "subnet_id": "subnet-0ea0c9d9e42cc2aef",
            "timeouts": null
          },
          "sensitive_attributes": [],
          "identity_schema_version": 0,
          "private": "eyJlMmJmYjczMC1lY2FhLTExZTYtOGY4OC0zNDM2M2JjN2M0YzAiOnsiY3JlYXRlIjozMDAwMDAwMDAwMDAsImRlbGV0ZSI6MzAwMDAwMDAwMDAwLCJ1cGRhdGUiOjEyMDAwMDAwMDAwMH19",
          "dependencies": [
            "aws_internet_gateway.igw",
            "aws_route_table.public",
            "aws_subnet.public",
            "aws_vpc.main",
            "data.aws_availability_zones.available"
          ]
        }
      ]
    },
    {
      "mode": "managed",
      "type": "aws_security_group",
      "name": "api",
      "provider": "provider[\"registry.terraform.io/hashicorp/aws\"]",
      "instances": [
        {
          "schema_version": 1,
          "attributes": {
            "arn": "arn:aws:ec2:us-east-1:701057703379:security-group/sg-00491edd193ed58af",
            "description": "vm-api: HTTPS from Internet + SSH from admin",
            "egress": [
              {
                "cidr_blocks": [
                  "0.0.0.0/0"
                ],
                "description": "",
                "from_port": 0,
                "ipv6_cidr_blocks": [],
                "prefix_list_ids": [],
                "protocol": "-1",
                "security_groups": [],
                "self": false,
                "to_port": 0
              }
            ],
            "id": "sg-00491edd193ed58af",
            "ingress": [
              {
                "cidr_blocks": [
                  "0.0.0.0/0"
                ],
                "description": "HTTP redirect (optional, useful for healthchecks)",
                "from_port": 80,
                "ipv6_cidr_blocks": [],
                "prefix_list_ids": [],
                "protocol": "tcp",
                "security_groups": [],
                "self": false,
                "to_port": 80
              },
              {
                "cidr_blocks": [
                  "0.0.0.0/0"
                ],
                "description": "HTTPS voting API - public",
                "from_port": 443,
                "ipv6_cidr_blocks": [],
                "prefix_list_ids": [],
                "protocol": "tcp",
                "security_groups": [],
                "self": false,
                "to_port": 443
              },
              {
                "cidr_blocks": [
                  "186.99.214.144/32"
                ],
                "description": "SSH from admin",
                "from_port": 22,
                "ipv6_cidr_blocks": [],
                "prefix_list_ids": [],
                "protocol": "tcp",
                "security_groups": [],
                "self": false,
                "to_port": 22
              }
            ],
            "name": "zt-voting-sg-api",
            "name_prefix": "",
            "owner_id": "701057703379",
            "revoke_rules_on_delete": false,
            "tags": {
              "Name": "zt-voting-sg-api",
              "Project": "zt-voting"
            },
            "tags_all": {
              "ManagedBy": "Terraform",
              "Name": "zt-voting-sg-api",
              "Project": "zt-voting"
            },
            "timeouts": null,
            "vpc_id": "vpc-021ee9ef2c76e8c36"
          },
          "sensitive_attributes": [],
          "identity_schema_version": 0,
          "private": "eyJlMmJmYjczMC1lY2FhLTExZTYtOGY4OC0zNDM2M2JjN2M0YzAiOnsiY3JlYXRlIjo2MDAwMDAwMDAwMDAsImRlbGV0ZSI6OTAwMDAwMDAwMDAwfSwic2NoZW1hX3ZlcnNpb24iOiIxIn0=",
          "dependencies": [
            "aws_vpc.main"
          ]
        }
      ]
    },
    {
      "mode": "managed",
      "type": "aws_security_group",
      "name": "app",
      "provider": "provider[\"registry.terraform.io/hashicorp/aws\"]",
      "instances": [
        {
          "schema_version": 1,
          "attributes": {
            "arn": "arn:aws:ec2:us-east-1:701057703379:security-group/sg-01e761e971653d397",
            "description": "vm-app: dashboard ports within VPC + SSH from admin",
            "egress": [
              {
                "cidr_blocks": [
                  "0.0.0.0/0"
                ],
                "description": "",
                "from_port": 0,
                "ipv6_cidr_blocks": [],
                "prefix_list_ids": [],
                "protocol": "-1",
                "security_groups": [],
                "self": false,
                "to_port": 0
              }
            ],
            "id": "sg-01e761e971653d397",
            "ingress": [
              {
                "cidr_blocks": [
                  "10.10.0.0/16"
                ],
                "description": "Global dashboard (port 3000) from VPC",
                "from_port": 3000,
                "ipv6_cidr_blocks": [],
                "prefix_list_ids": [],
                "protocol": "tcp",
                "security_groups": [],
                "self": false,
                "to_port": 3000
              },
              {
                "cidr_blocks": [
                  "10.10.0.0/16"
                ],
                "description": "Regional dashboard (port 3001) from VPC",
                "from_port": 3001,
                "ipv6_cidr_blocks": [],
                "prefix_list_ids": [],
                "protocol": "tcp",
                "security_groups": [],
                "self": false,
                "to_port": 3001
              },
              {
                "cidr_blocks": [
                  "186.99.214.144/32"
                ],
                "description": "SSH from admin",
                "from_port": 22,
                "ipv6_cidr_blocks": [],
                "prefix_list_ids": [],
                "protocol": "tcp",
                "security_groups": [],
                "self": false,
                "to_port": 22
              }
            ],
            "name": "zt-voting-sg-app",
            "name_prefix": "",
            "owner_id": "701057703379",
            "revoke_rules_on_delete": false,
            "tags": {
              "Name": "zt-voting-sg-app",
              "Project": "zt-voting"
            },
            "tags_all": {
              "ManagedBy": "Terraform",
              "Name": "zt-voting-sg-app",
              "Project": "zt-voting"
            },
            "timeouts": null,
            "vpc_id": "vpc-021ee9ef2c76e8c36"
          },
          "sensitive_attributes": [],
          "identity_schema_version": 0,
          "private": "eyJlMmJmYjczMC1lY2FhLTExZTYtOGY4OC0zNDM2M2JjN2M0YzAiOnsiY3JlYXRlIjo2MDAwMDAwMDAwMDAsImRlbGV0ZSI6OTAwMDAwMDAwMDAwfSwic2NoZW1hX3ZlcnNpb24iOiIxIn0=",
          "dependencies": [
            "aws_vpc.main"
          ]
        }
      ]
    },
    {
      "mode": "managed",
      "type": "aws_security_group",
      "name": "auth",
      "provider": "provider[\"registry.terraform.io/hashicorp/aws\"]",
      "instances": [
        {
          "schema_version": 1,
          "attributes": {
            "arn": "arn:aws:ec2:us-east-1:701057703379:security-group/sg-005b20e6b0e547e7a",
            "description": "vm-auth: HTTPS from VPC + SSH from admin",
            "egress": [
              {
                "cidr_blocks": [
                  "0.0.0.0/0"
                ],
                "description": "All outbound (nftables enforces fine-grained policy)",
                "from_port": 0,
                "ipv6_cidr_blocks": [],
                "prefix_list_ids": [],
                "protocol": "-1",
                "security_groups": [],
                "self": false,
                "to_port": 0
              }
            ],
            "id": "sg-005b20e6b0e547e7a",
            "ingress": [
              {
                "cidr_blocks": [
                  "10.10.0.0/16"
                ],
                "description": "HTTPS token endpoint from any VM in VPC",
                "from_port": 443,
                "ipv6_cidr_blocks": [],
                "prefix_list_ids": [],
                "protocol": "tcp",
                "security_groups": [],
                "self": false,
                "to_port": 443
              },
              {
                "cidr_blocks": [
                  "186.99.214.144/32"
                ],
                "description": "SSH from admin",
                "from_port": 22,
                "ipv6_cidr_blocks": [],
                "prefix_list_ids": [],
                "protocol": "tcp",
                "security_groups": [],
                "self": false,
                "to_port": 22
              }
            ],
            "name": "zt-voting-sg-auth",
            "name_prefix": "",
            "owner_id": "701057703379",
            "revoke_rules_on_delete": false,
            "tags": {
              "Name": "zt-voting-sg-auth",
              "Project": "zt-voting"
            },
            "tags_all": {
              "ManagedBy": "Terraform",
              "Name": "zt-voting-sg-auth",
              "Project": "zt-voting"
            },
            "timeouts": null,
            "vpc_id": "vpc-021ee9ef2c76e8c36"
          },
          "sensitive_attributes": [],
          "identity_schema_version": 0,
          "private": "eyJlMmJmYjczMC1lY2FhLTExZTYtOGY4OC0zNDM2M2JjN2M0YzAiOnsiY3JlYXRlIjo2MDAwMDAwMDAwMDAsImRlbGV0ZSI6OTAwMDAwMDAwMDAwfSwic2NoZW1hX3ZlcnNpb24iOiIxIn0=",
          "dependencies": [
            "aws_vpc.main"
          ]
        }
      ]
    },
    {
      "mode": "managed",
      "type": "aws_security_group",
      "name": "brokers",
      "provider": "provider[\"registry.terraform.io/hashicorp/aws\"]",
      "instances": [
        {
          "schema_version": 1,
          "attributes": {
            "arn": "arn:aws:ec2:us-east-1:701057703379:security-group/sg-09f2eb80d07531388",
            "description": "vm-brokers: Kafka+RabbitMQ from private subnet + SSH from admin",
            "egress": [
              {
                "cidr_blocks": [
                  "0.0.0.0/0"
                ],
                "description": "",
                "from_port": 0,
                "ipv6_cidr_blocks": [],
                "prefix_list_ids": [],
                "protocol": "-1",
                "security_groups": [],
                "self": false,
                "to_port": 0
              }
            ],
            "id": "sg-09f2eb80d07531388",
            "ingress": [
              {
                "cidr_blocks": [
                  "10.10.1.0/24",
                  "10.10.0.0/24"
                ],
                "description": "Kafka SASL_SSL from private subnet",
                "from_port": 9092,
                "ipv6_cidr_blocks": [],
                "prefix_list_ids": [],
                "protocol": "tcp",
                "security_groups": [],
                "self": false,
                "to_port": 9092
              },
              {
                "cidr_blocks": [
                  "10.10.1.0/24",
                  "10.10.0.0/24"
                ],
                "description": "RabbitMQ AMQPS from private subnet",
                "from_port": 5672,
                "ipv6_cidr_blocks": [],
                "prefix_list_ids": [],
                "protocol": "tcp",
                "security_groups": [],
                "self": false,
                "to_port": 5672
              },
              {
                "cidr_blocks": [
                  "186.99.214.144/32"
                ],
                "description": "SSH from admin",
                "from_port": 22,
                "ipv6_cidr_blocks": [],
                "prefix_list_ids": [],
                "protocol": "tcp",
                "security_groups": [],
                "self": false,
                "to_port": 22
              }
            ],
            "name": "zt-voting-sg-brokers",
            "name_prefix": "",
            "owner_id": "701057703379",
            "revoke_rules_on_delete": false,
            "tags": {
              "Name": "zt-voting-sg-brokers",
              "Project": "zt-voting"
            },
            "tags_all": {
              "ManagedBy": "Terraform",
              "Name": "zt-voting-sg-brokers",
              "Project": "zt-voting"
            },
            "timeouts": null,
            "vpc_id": "vpc-021ee9ef2c76e8c36"
          },
          "sensitive_attributes": [],
          "identity_schema_version": 0,
          "private": "eyJlMmJmYjczMC1lY2FhLTExZTYtOGY4OC0zNDM2M2JjN2M0YzAiOnsiY3JlYXRlIjo2MDAwMDAwMDAwMDAsImRlbGV0ZSI6OTAwMDAwMDAwMDAwfSwic2NoZW1hX3ZlcnNpb24iOiIxIn0=",
          "dependencies": [
            "aws_vpc.main"
          ]
        }
      ]
    },
    {
      "mode": "managed",
      "type": "aws_security_group",
      "name": "core",
      "provider": "provider[\"registry.terraform.io/hashicorp/aws\"]",
      "instances": [
        {
          "schema_version": 1,
          "attributes": {
            "arn": "arn:aws:ec2:us-east-1:701057703379:security-group/sg-03f987a0f600fc79a",
            "description": "vm-core: SSH from admin only",
            "egress": [
              {
                "cidr_blocks": [
                  "0.0.0.0/0"
                ],
                "description": "",
                "from_port": 0,
                "ipv6_cidr_blocks": [],
                "prefix_list_ids": [],
                "protocol": "-1",
                "security_groups": [],
                "self": false,
                "to_port": 0
              }
            ],
            "id": "sg-03f987a0f600fc79a",
            "ingress": [
              {
                "cidr_blocks": [
                  "186.99.214.144/32"
                ],
                "description": "SSH from admin",
                "from_port": 22,
                "ipv6_cidr_blocks": [],
                "prefix_list_ids": [],
                "protocol": "tcp",
                "security_groups": [],
                "self": false,
                "to_port": 22
              }
            ],
            "name": "zt-voting-sg-core",
            "name_prefix": "",
            "owner_id": "701057703379",
            "revoke_rules_on_delete": false,
            "tags": {
              "Name": "zt-voting-sg-core",
              "Project": "zt-voting"
            },
            "tags_all": {
              "ManagedBy": "Terraform",
              "Name": "zt-voting-sg-core",
              "Project": "zt-voting"
            },
            "timeouts": null,
            "vpc_id": "vpc-021ee9ef2c76e8c36"
          },
          "sensitive_attributes": [],
          "identity_schema_version": 0,
          "private": "eyJlMmJmYjczMC1lY2FhLTExZTYtOGY4OC0zNDM2M2JjN2M0YzAiOnsiY3JlYXRlIjo2MDAwMDAwMDAwMDAsImRlbGV0ZSI6OTAwMDAwMDAwMDAwfSwic2NoZW1hX3ZlcnNpb24iOiIxIn0=",
          "dependencies": [
            "aws_vpc.main"
          ]
        }
      ]
    },
    {
      "mode": "managed",
      "type": "aws_security_group",
      "name": "init",
      "provider": "provider[\"registry.terraform.io/hashicorp/aws\"]",
      "instances": [
        {
          "schema_version": 1,
          "attributes": {
            "arn": "arn:aws:ec2:us-east-1:701057703379:security-group/sg-01a869c56e58db58d",
            "description": "vm-init: SSH from admin only",
            "egress": [
              {
                "cidr_blocks": [
                  "0.0.0.0/0"
                ],
                "description": "",
                "from_port": 0,
                "ipv6_cidr_blocks": [],
                "prefix_list_ids": [],
                "protocol": "-1",
                "security_groups": [],
                "self": false,
                "to_port": 0
              }
            ],
            "id": "sg-01a869c56e58db58d",
            "ingress": [
              {
                "cidr_blocks": [
                  "186.99.214.144/32"
                ],
                "description": "SSH from admin",
                "from_port": 22,
                "ipv6_cidr_blocks": [],
                "prefix_list_ids": [],
                "protocol": "tcp",
                "security_groups": [],
                "self": false,
                "to_port": 22
              }
            ],
            "name": "zt-voting-sg-init",
            "name_prefix": "",
            "owner_id": "701057703379",
            "revoke_rules_on_delete": false,
            "tags": {
              "Name": "zt-voting-sg-init",
              "Project": "zt-voting"
            },
            "tags_all": {
              "ManagedBy": "Terraform",
              "Name": "zt-voting-sg-init",
              "Project": "zt-voting"
            },
            "timeouts": null,
            "vpc_id": "vpc-021ee9ef2c76e8c36"
          },
          "sensitive_attributes": [],
          "identity_schema_version": 0,
          "private": "eyJlMmJmYjczMC1lY2FhLTExZTYtOGY4OC0zNDM2M2JjN2M0YzAiOnsiY3JlYXRlIjo2MDAwMDAwMDAwMDAsImRlbGV0ZSI6OTAwMDAwMDAwMDAwfSwic2NoZW1hX3ZlcnNpb24iOiIxIn0=",
          "dependencies": [
            "aws_vpc.main"
          ]
        }
      ]
    },
    {
      "mode": "managed",
      "type": "aws_security_group_rule",
      "name": "ssh_from_vpc_app",
      "provider": "provider[\"registry.terraform.io/hashicorp/aws\"]",
      "instances": [
        {
          "schema_version": 2,
          "attributes": {
            "cidr_blocks": [
              "10.10.0.0/16"
            ],
            "description": null,
            "from_port": 22,
            "id": "sgrule-946916243",
            "ipv6_cidr_blocks": null,
            "prefix_list_ids": null,
            "protocol": "tcp",
            "security_group_id": "sg-01e761e971653d397",
            "security_group_rule_id": "sgr-092abfd294b906f60",
            "self": false,
            "source_security_group_id": null,
            "timeouts": null,
            "to_port": 22,
            "type": "ingress"
          },
          "sensitive_attributes": [],
          "identity_schema_version": 0,
          "private": "eyJlMmJmYjczMC1lY2FhLTExZTYtOGY4OC0zNDM2M2JjN2M0YzAiOnsiY3JlYXRlIjozMDAwMDAwMDAwMDB9LCJzY2hlbWFfdmVyc2lvbiI6IjIifQ==",
          "dependencies": [
            "aws_security_group.app",
            "aws_vpc.main"
          ]
        }
      ]
    },
    {
      "mode": "managed",
      "type": "aws_security_group_rule",
      "name": "ssh_from_vpc_auth",
      "provider": "provider[\"registry.terraform.io/hashicorp/aws\"]",
      "instances": [
        {
          "schema_version": 2,
          "attributes": {
            "cidr_blocks": [
              "10.10.0.0/16"
            ],
            "description": null,
            "from_port": 22,
            "id": "sgrule-3116076472",
            "ipv6_cidr_blocks": null,
            "prefix_list_ids": null,
            "protocol": "tcp",
            "security_group_id": "sg-005b20e6b0e547e7a",
            "security_group_rule_id": "sgr-0f6d162dd3f5e15dc",
            "self": false,
            "source_security_group_id": null,
            "timeouts": null,
            "to_port": 22,
            "type": "ingress"
          },
          "sensitive_attributes": [],
          "identity_schema_version": 0,
          "private": "eyJlMmJmYjczMC1lY2FhLTExZTYtOGY4OC0zNDM2M2JjN2M0YzAiOnsiY3JlYXRlIjozMDAwMDAwMDAwMDB9LCJzY2hlbWFfdmVyc2lvbiI6IjIifQ==",
          "dependencies": [
            "aws_security_group.auth",
            "aws_vpc.main"
          ]
        }
      ]
    },
    {
      "mode": "managed",
      "type": "aws_security_group_rule",
      "name": "ssh_from_vpc_brokers",
      "provider": "provider[\"registry.terraform.io/hashicorp/aws\"]",
      "instances": [
        {
          "schema_version": 2,
          "attributes": {
            "cidr_blocks": [
              "10.10.0.0/16"
            ],
            "description": null,
            "from_port": 22,
            "id": "sgrule-2046224765",
            "ipv6_cidr_blocks": null,
            "prefix_list_ids": null,
            "protocol": "tcp",
            "security_group_id": "sg-09f2eb80d07531388",
            "security_group_rule_id": "sgr-0f951e063060ea978",
            "self": false,
            "source_security_group_id": null,
            "timeouts": null,
            "to_port": 22,
            "type": "ingress"
          },
          "sensitive_attributes": [],
          "identity_schema_version": 0,
          "private": "eyJlMmJmYjczMC1lY2FhLTExZTYtOGY4OC0zNDM2M2JjN2M0YzAiOnsiY3JlYXRlIjozMDAwMDAwMDAwMDB9LCJzY2hlbWFfdmVyc2lvbiI6IjIifQ==",
          "dependencies": [
            "aws_security_group.brokers",
            "aws_vpc.main"
          ]
        }
      ]
    },
    {
      "mode": "managed",
      "type": "aws_security_group_rule",
      "name": "ssh_from_vpc_core",
      "provider": "provider[\"registry.terraform.io/hashicorp/aws\"]",
      "instances": [
        {
          "schema_version": 2,
          "attributes": {
            "cidr_blocks": [
              "10.10.0.0/16"
            ],
            "description": null,
            "from_port": 22,
            "id": "sgrule-2095065312",
            "ipv6_cidr_blocks": null,
            "prefix_list_ids": null,
            "protocol": "tcp",
            "security_group_id": "sg-03f987a0f600fc79a",
            "security_group_rule_id": "sgr-09af75699380d2a62",
            "self": false,
            "source_security_group_id": null,
            "timeouts": null,
            "to_port": 22,
            "type": "ingress"
          },
          "sensitive_attributes": [],
          "identity_schema_version": 0,
          "private": "eyJlMmJmYjczMC1lY2FhLTExZTYtOGY4OC0zNDM2M2JjN2M0YzAiOnsiY3JlYXRlIjozMDAwMDAwMDAwMDB9LCJzY2hlbWFfdmVyc2lvbiI6IjIifQ==",
          "dependencies": [
            "aws_security_group.core",
            "aws_vpc.main"
          ]
        }
      ]
    },
    {
      "mode": "managed",
      "type": "aws_security_group_rule",
      "name": "ssh_from_vpc_init",
      "provider": "provider[\"registry.terraform.io/hashicorp/aws\"]",
      "instances": [
        {
          "schema_version": 2,
          "attributes": {
            "cidr_blocks": [
              "10.10.0.0/16"
            ],
            "description": null,
            "from_port": 22,
            "id": "sgrule-3846517919",
            "ipv6_cidr_blocks": null,
            "prefix_list_ids": null,
            "protocol": "tcp",
            "security_group_id": "sg-01a869c56e58db58d",
            "security_group_rule_id": "sgr-0067648568fd74918",
            "self": false,
            "source_security_group_id": null,
            "timeouts": null,
            "to_port": 22,
            "type": "ingress"
          },
          "sensitive_attributes": [],
          "identity_schema_version": 0,
          "private": "eyJlMmJmYjczMC1lY2FhLTExZTYtOGY4OC0zNDM2M2JjN2M0YzAiOnsiY3JlYXRlIjozMDAwMDAwMDAwMDB9LCJzY2hlbWFfdmVyc2lvbiI6IjIifQ==",
          "dependencies": [
            "aws_security_group.init",
            "aws_vpc.main"
          ]
        }
      ]
    },
    {
      "mode": "managed",
      "type": "aws_subnet",
      "name": "private",
      "provider": "provider[\"registry.terraform.io/hashicorp/aws\"]",
      "instances": [
        {
          "schema_version": 1,
          "attributes": {
            "arn": "arn:aws:ec2:us-east-1:701057703379:subnet/subnet-080ae01a2a787345a",
            "assign_ipv6_address_on_creation": false,
            "availability_zone": "us-east-1a",
            "availability_zone_id": "use1-az1",
            "cidr_block": "10.10.1.0/24",
            "customer_owned_ipv4_pool": "",
            "enable_dns64": false,
            "enable_lni_at_device_index": 0,
            "enable_resource_name_dns_a_record_on_launch": false,
            "enable_resource_name_dns_aaaa_record_on_launch": false,
            "id": "subnet-080ae01a2a787345a",
            "ipv6_cidr_block": "",
            "ipv6_cidr_block_association_id": "",
            "ipv6_native": false,
            "map_customer_owned_ip_on_launch": false,
            "map_public_ip_on_launch": false,
            "outpost_arn": "",
            "owner_id": "701057703379",
            "private_dns_hostname_type_on_launch": "ip-name",
            "tags": {
              "Name": "zt-voting-private",
              "Project": "zt-voting"
            },
            "tags_all": {
              "ManagedBy": "Terraform",
              "Name": "zt-voting-private",
              "Project": "zt-voting"
            },
            "timeouts": null,
            "vpc_id": "vpc-021ee9ef2c76e8c36"
          },
          "sensitive_attributes": [],
          "identity_schema_version": 0,
          "private": "eyJlMmJmYjczMC1lY2FhLTExZTYtOGY4OC0zNDM2M2JjN2M0YzAiOnsiY3JlYXRlIjo2MDAwMDAwMDAwMDAsImRlbGV0ZSI6MTIwMDAwMDAwMDAwMH0sInNjaGVtYV92ZXJzaW9uIjoiMSJ9",
          "dependencies": [
            "aws_vpc.main",
            "data.aws_availability_zones.available"
          ]
        }
      ]
    },
    {
      "mode": "managed",
      "type": "aws_subnet",
      "name": "public",
      "provider": "provider[\"registry.terraform.io/hashicorp/aws\"]",
      "instances": [
        {
          "schema_version": 1,
          "attributes": {
            "arn": "arn:aws:ec2:us-east-1:701057703379:subnet/subnet-0ea0c9d9e42cc2aef",
            "assign_ipv6_address_on_creation": false,
            "availability_zone": "us-east-1a",
            "availability_zone_id": "use1-az1",
            "cidr_block": "10.10.0.0/24",
            "customer_owned_ipv4_pool": "",
            "enable_dns64": false,
            "enable_lni_at_device_index": 0,
            "enable_resource_name_dns_a_record_on_launch": false,
            "enable_resource_name_dns_aaaa_record_on_launch": false,
            "id": "subnet-0ea0c9d9e42cc2aef",
            "ipv6_cidr_block": "",
            "ipv6_cidr_block_association_id": "",
            "ipv6_native": false,
            "map_customer_owned_ip_on_launch": false,
            "map_public_ip_on_launch": true,
            "outpost_arn": "",
            "owner_id": "701057703379",
            "private_dns_hostname_type_on_launch": "ip-name",
            "tags": {
              "Name": "zt-voting-public",
              "Project": "zt-voting"
            },
            "tags_all": {
              "ManagedBy": "Terraform",
              "Name": "zt-voting-public",
              "Project": "zt-voting"
            },
            "timeouts": null,
            "vpc_id": "vpc-021ee9ef2c76e8c36"
          },
          "sensitive_attributes": [],
          "identity_schema_version": 0,
          "private": "eyJlMmJmYjczMC1lY2FhLTExZTYtOGY4OC0zNDM2M2JjN2M0YzAiOnsiY3JlYXRlIjo2MDAwMDAwMDAwMDAsImRlbGV0ZSI6MTIwMDAwMDAwMDAwMH0sInNjaGVtYV92ZXJzaW9uIjoiMSJ9",
          "dependencies": [
            "aws_vpc.main",
            "data.aws_availability_zones.available"
          ]
        }
      ]
    },
    {
      "mode": "managed",
      "type": "aws_vpc",
      "name": "main",
      "provider": "provider[\"registry.terraform.io/hashicorp/aws\"]",
      "instances": [
        {
          "schema_version": 1,
          "attributes": {
            "arn": "arn:aws:ec2:us-east-1:701057703379:vpc/vpc-021ee9ef2c76e8c36",
            "assign_generated_ipv6_cidr_block": false,
            "cidr_block": "10.10.0.0/16",
            "default_network_acl_id": "acl-073194d0987cb6c39",
            "default_route_table_id": "rtb-0581920ca227dcceb",
            "default_security_group_id": "sg-0ab17a02adfa21589",
            "dhcp_options_id": "dopt-0242783c3157e5864",
            "enable_dns_hostnames": true,
            "enable_dns_support": true,
            "enable_network_address_usage_metrics": false,
            "id": "vpc-021ee9ef2c76e8c36",
            "instance_tenancy": "default",
            "ipv4_ipam_pool_id": null,
            "ipv4_netmask_length": null,
            "ipv6_association_id": "",
            "ipv6_cidr_block": "",
            "ipv6_cidr_block_network_border_group": "",
            "ipv6_ipam_pool_id": "",
            "ipv6_netmask_length": 0,
            "main_route_table_id": "rtb-0581920ca227dcceb",
            "owner_id": "701057703379",
            "tags": {
              "Name": "zt-voting-vpc",
              "Project": "zt-voting"
            },
            "tags_all": {
              "ManagedBy": "Terraform",
              "Name": "zt-voting-vpc",
              "Project": "zt-voting"
            }
          },
          "sensitive_attributes": [],
          "identity_schema_version": 0,
          "private": "eyJzY2hlbWFfdmVyc2lvbiI6IjEifQ=="
        }
      ]
    },
    {
      "mode": "managed",
      "type": "local_file",
      "name": "ansible_inventory",
      "provider": "provider[\"registry.terraform.io/hashicorp/local\"]",
      "instances": [
        {
          "schema_version": 0,
          "attributes": {
            "content": "[all:vars]\nansible_user=ubuntu\nansible_ssh_private_key_file=/home/ubeimar_yepes/proyecto/infra/terraform/zt-voting.pem\nansible_ssh_common_args=-o StrictHostKeyChecking=no -o UserKnownHostsFile=/dev/null\nadmin_cidr=186.99.214.144/32\nrepo_url=https://github.com/TU_USUARIO/DistribuidoOperativos.git\nrepo_ref=main\n\n[vm_auth]\nvm-auth ansible_host=10.10.1.73 private_ip=10.10.1.73\n\n[vm_brokers]\nvm-brokers ansible_host=10.10.1.162 private_ip=10.10.1.162\n\n[vm_api]\nvm-api ansible_host=32.198.116.206 private_ip=10.10.0.81\n\n[vm_init]\nvm-init ansible_host=10.10.1.123 private_ip=10.10.1.123\n\n[vm_core]\nvm-core ansible_host=10.10.1.33 private_ip=10.10.1.33\n\n[vm_app]\nvm-app ansible_host=10.10.1.199 private_ip=10.10.1.199\n",
            "content_base64": null,
            "content_base64sha256": "UbNvf+gGA2ODvUFOslqHUrQ6FEoGHG1tpCjzB1tQ/Xc=",
            "content_base64sha512": "TgSEUOvx2nTH7HcjRL4NGFM5C2j2ak/oc8RMqAtDnLkw9orm+xWF7Nbn1CsA/mCUQx70uoM9uVj9hbaoopJqnQ==",
            "content_md5": "c45d98b40cb6ca4508e5baaae863655e",
            "content_sha1": "c0116368a2520de7fc975e646c69c3e857551d04",
            "content_sha256": "51b36f7fe806036383bd414eb25a8752b43a144a061c6d6da428f3075b50fd77",
            "content_sha512": "4e048450ebf1da74c7ec772344be0d1853390b68f66a4fe873c44ca80b439cb930f68ae6fb1585ecd6e7d42b00fe6094431ef4ba833db958fd85b6a8a2926a9d",
            "directory_permission": "0777",
            "file_permission": "0777",
            "filename": "./inventory.ini",
            "id": "c0116368a2520de7fc975e646c69c3e857551d04",
            "sensitive_content": null,
            "source": null
          },
          "sensitive_attributes": [
            [
              {
                "type": "get_attr",
                "value": "sensitive_content"
              }
            ]
          ],
          "identity_schema_version": 0,
          "dependencies": [
            "aws_instance.api",
            "aws_instance.app",
            "aws_instance.auth",
            "aws_instance.brokers",
            "aws_instance.core",
            "aws_instance.init",
            "aws_key_pair.main",
            "aws_security_group.api",
            "aws_security_group.app",
            "aws_security_group.auth",
            "aws_security_group.brokers",
            "aws_security_group.core",
            "aws_security_group.init",
            "aws_subnet.private",
            "aws_subnet.public",
            "aws_vpc.main",
            "data.aws_availability_zones.available",
            "local_sensitive_file.private_key",
            "tls_private_key.ssh"
          ]
        }
      ]
    },
    {
      "mode": "managed",
      "type": "local_sensitive_file",
      "name": "private_key",
      "provider": "provider[\"registry.terraform.io/hashicorp/local\"]",
      "instances": [
        {
          "schema_version": 0,
          "attributes": {
            "content": "-----BEGIN RSA PRIVATE KEY-----\nMIIJKAIBAAKCAgEA3nxdsSdcCsJK82dw+pg1d8f5y1uFoeaZ9dtmKA97iZB7p6j4\nrbP+G6dKpyMhFpNXjXL50zMU1UJJcdKx4wkrGKC8R0adF6VgCiGf8N2+HdQnGBSN\nAIOvYxGUscV6mdldrVW7EgWmgh3OgDv5jPRkojv0dH2eKMKyq0ogCHyoGa4/GBr6\nHu7d9Vjta8nZvjfZrO0vjfDEnRwAMWhrsiUnDhMqdwym1vwIrzWJukhDfzvhVAjb\nQn1/SzfoNrwzVL7mnqRlIueO8EySX+uptyFHw+yVGUYQjixbPbS/oyew1siStcho\n2olFuGiNL3UI/laTTwSfrlOiHRrGsPBzgJP9Xuor64r5Us7orFniW5S0xQoeyLgv\nJh7nTqGAV3q+Ldk4rISxmy2CPzcSRMJwLTYN1hq5WCyHBKp1Jq0oySdtQLr7SDCl\nRolIscrb8tCPZVmf/vjTP9XfkX82GmOSfXpklyl9k0phnvh6ukY5gMU7IZS1VuKb\nEnjP5T7j2KLZ+W76sSwTyl8nH2JJOpW2HZAPYX4TJ+BoVPxSu1kE5XMDIr+lluip\n7kbA5r1MG2WH3Niovhq4ZOrH+Yzxuquj6mvaL2H0JLvuWZcZJm0EFjH5fZiP5gPB\nn94qmAdVJy9bH1hSQU4Sro+QcoEIEl+bN7iaOzwu3vWByNQRI0/upr9UqwMCAwEA\nAQKCAgBap0MHzXlP+vXOMs5SlVVn7ogmJ68OFmeSSWjZFuHn3gK8gHl/UZFPFD2z\nV3mCeNvaS0hnGW+6K23AnrCTyScRvGCrDCczPNOinSvN2ZQ/FDQvuCPx2zZKAB5d\nxxDbAjoMyBtWzw2XA+0hzA41NFmSzyoekxawFhD2AViHDL/z4s9bk5ZppzuyXh8z\nZcY+nwQnVWekhr+eIowjlaAYMNI2hnGtm26Zt40UUxTA3fP+slfwRUGN2JPXArsw\nHkQuGjDe4C5DaCWSXSjhQ6Vd9IYI22uvJiDVxVYSEQVqxd/kzEoXHsc2kGtjpdot\nRZs6Au236zLjNbme8UuXSgpOED7SvJn+/L6/T5TxtvuA8+ptDiiUdsPVCDgjRUT/\nyGDWgudmVAXACmXyIxcs2KVevNooWD+qYiBgLoVScp+6kTdA+XhCik2QPna04Vzh\nNjvLvJbFdbVuk3327StKq1oDyEmmFxOxb/PGl6Ez52LN4dJJhKI+GClGOi6BFLtJ\nqvliUjcmwDTEYfQbgMkkDJzyfampI32kFGwFaIiEt/ZbRo0DJV6qMBjYfeTAoMy7\nCqO6jBYivyyupV5e8LlOvRKfV9hGfuEyrd2dGqFTYGQMIM9x8UAl7A9ZPod8C/Zx\nGSQGYhEUTR6a+4q83gjj58rmNYB6Ic130OphcxFc9MRqooakBQKCAQEA5CqiIi1m\nqPt+uUijQmKAnQMUpE5Ca19M21ByfL854T1fL58ihUjumV7g8PeTa02f2KUSwPfC\nt07yf47AeQWk9a2m3urVAselerGBzDc14AJIYkUnZfY7E4MNr408DBhi/gM8PDx5\nD5X0OhHMn6QA/1PQ9ApANsjARcxQmcelrY3LGAhuX9K2cNXj1I6QuO3Vy9X7URVz\nNOlcefU4GzTGg6MrXFmYbm5IMLKT2EYdttgHWwwmzWnQCIysDj7cq878RLmjrckI\nErjMVhOowIEbfD/mLDwqaJDp0Qnuf6iK/+bRqvZQ26clyC3ZAWVC30XcY3TocQ23\npsZU/sjQH6D59QKCAQEA+aBUiYrtsXlDC3xmR2OJwb+Xue7DcPzq5DcLtGWvjiUK\nZL2vd85cIlhNS75K9TxNEhomwQ1EjvLKU5K6Gpt9fSHC1EPw6zVrbqsZj4jX5Dwx\nBBgqf9R0H73OuTNN5nuT8u/w0N1QZ2l80q40DpSbhSNzlqu30Wymu3lq/qBWePMj\nPQcQSx4xQ6kQjZPohbMc6QPYNc04Xu5XX+qH7AYyTFtQEeerybq2TztAAwhII2LB\nXi0Zl+34XW1PyC6I3RcqXCd22XufnjpNUCw/qvdUJAxTJhi6SebUSBd9nn4ye54p\nL9wUvwK79taDvEwNzKdys++vnqDOFGboxnKjipWeFwKCAQA55Mtw6p4y4GV+M/0g\n2geST3bMXgMiZXMF7vqtxoO0MDNXzQQgV6obBmUDH36ram3VtcT1a6hfhMupLBqQ\nWqtJnz9JLsLPysKlSCcMHzIvXcTqEmv1xi2lPMqbMbX7x7BOjZmaGyoIl1754QxP\nsXiDUMwjL/qtK/EFhNsquerDB8hxl6oR7FBYfx0pEOeN1OM7rlbvcwbhdRj+5QbQ\neGqqehuFekJgOuFcYeN7rAbcHyJ2qrWpx2B+2trJXo/1lDaUZZovfWPsBDHs4V4f\nQmMr+ra3oKiOEb8SSHfYsnZaikHHJGrN4TKIAYIfhYcbSgmqvr4/+WARFB/66g9N\nBzaFAoIBAQCkDA6iWU+9yyAZY0Zf8fUtA7k1csiz7zJ6igZCJnVJp+P9sn6m8FGy\nLG+XsFXYdil8FP2U7yA4BSyb4Zg2Nisw2cgM8R1ZpcCVeRISNu8SSdA4jZ0YZslt\ntrItGZ8/McVX6QFMcbUOUM+8MMl7L4RI6bRjtzPVCF9GYxPChCJv1/E3gPXfN9dO\nTMPZFvO/Mad1JpanPNen42A+Y4WxwZy6e2PScHp/1xlKVnjJxV6LCrJjLqZcJwKK\ne3Tr7FD7Yubuquy7HjgWpt/6KSoqM+Hy0rquFaAPQwgM3IssZmjMvnL4xdxIbwaR\nwAXQ7/Y9oWmLAKBcUfc8hyjAicQaJhs/AoIBAEWvtviPR0gLF5DDohO7tXzJ2mVh\n9V6uA2DiuA+w3yGu6TmHJ+GtDZdptDnD1hAUEcqOZwC38DCv3YSLddrIZItWAhLo\n0SimMRcmMpqmWP6coGr7L8J4sL4k92bXFTnEMMcoK+Qwms9GDgT5ji7yMNjrIHDP\n5ahhR0dwExXV/K7/nU/v2SjJ/7T4+TxKamtrBvY56R7ExqZgq084XUamVr/L16xL\nn5Vk7w6Yaco+K5xi85hDnKl25XSjXuxaRNpg2PGMP/YQDxcUWRst4sluuwMdP+7z\n9cRlDGv8BTjIcIW5wvjDHuk5vSqrvoFx1ihdYRpYu3xlJr4ihaaKpoku5r4=\n-----END RSA PRIVATE KEY-----\n",
            "content_base64": null,
            "content_base64sha256": "C1+VoPGZnGiOxy1z7qRGX5D3iLW6R+Ots6GVs4++pqQ=",
            "content_base64sha512": "q+MV3FrHFG2nYabT5Z4daQlRxQbBrjt63vRaoz2gWBwDWuqx5FFP8A6FPlYfxVwaLXJNP2oGdWO/j4R3khQhow==",
            "content_md5": "e420e7d64e348b189da68f6769943ad2",
            "content_sha1": "7234a2d75b9b539d357bfac3096cfe03ca00b1db",
            "content_sha256": "0b5f95a0f1999c688ec72d73eea4465f90f788b5ba47e3adb3a195b38fbea6a4",
            "content_sha512": "abe315dc5ac7146da761a6d3e59e1d690951c506c1ae3b7adef45aa33da0581c035aeab1e4514ff00e853e561fc55c1a2d724d3f6a067563bf8f8477921421a3",
            "directory_permission": "0700",
            "file_permission": "0400",
            "filename": "./zt-voting.pem",
            "id": "7234a2d75b9b539d357bfac3096cfe03ca00b1db",
            "source": null
          },
          "sensitive_attributes": [
            [
              {
                "type": "get_attr",
                "value": "content"
              }
            ],
            [
              {
                "type": "get_attr",
                "value": "content_base64"
              }
            ]
          ],
          "identity_schema_version": 0,
          "dependencies": [
            "tls_private_key.ssh"
          ]
        }
      ]
    },
    {
      "mode": "managed",
      "type": "tls_private_key",
      "name": "ssh",
      "provider": "provider[\"registry.terraform.io/hashicorp/tls\"]",
      "instances": [
        {
          "schema_version": 1,
          "attributes": {
            "algorithm": "RSA",
            "ecdsa_curve": "P224",
            "id": "2282191fe693f595e3be04fe21f0e5c84099de5a",
            "private_key_openssh": "-----BEGIN OPENSSH PRIVATE KEY-----\nb3BlbnNzaC1rZXktdjEAAAAABG5vbmUAAAAEbm9uZQAAAAAAAAABAAACFwAAAAdz\nc2gtcnNhAAAAAwEAAQAAAgEA3nxdsSdcCsJK82dw+pg1d8f5y1uFoeaZ9dtmKA97\niZB7p6j4rbP+G6dKpyMhFpNXjXL50zMU1UJJcdKx4wkrGKC8R0adF6VgCiGf8N2+\nHdQnGBSNAIOvYxGUscV6mdldrVW7EgWmgh3OgDv5jPRkojv0dH2eKMKyq0ogCHyo\nGa4/GBr6Hu7d9Vjta8nZvjfZrO0vjfDEnRwAMWhrsiUnDhMqdwym1vwIrzWJukhD\nfzvhVAjbQn1/SzfoNrwzVL7mnqRlIueO8EySX+uptyFHw+yVGUYQjixbPbS/oyew\n1siStcho2olFuGiNL3UI/laTTwSfrlOiHRrGsPBzgJP9Xuor64r5Us7orFniW5S0\nxQoeyLgvJh7nTqGAV3q+Ldk4rISxmy2CPzcSRMJwLTYN1hq5WCyHBKp1Jq0oySdt\nQLr7SDClRolIscrb8tCPZVmf/vjTP9XfkX82GmOSfXpklyl9k0phnvh6ukY5gMU7\nIZS1VuKbEnjP5T7j2KLZ+W76sSwTyl8nH2JJOpW2HZAPYX4TJ+BoVPxSu1kE5XMD\nIr+lluip7kbA5r1MG2WH3Niovhq4ZOrH+Yzxuquj6mvaL2H0JLvuWZcZJm0EFjH5\nfZiP5gPBn94qmAdVJy9bH1hSQU4Sro+QcoEIEl+bN7iaOzwu3vWByNQRI0/upr9U\nqwMAAAc4oVofLKFaHywAAAAHc3NoLXJzYQAAAgEA3nxdsSdcCsJK82dw+pg1d8f5\ny1uFoeaZ9dtmKA97iZB7p6j4rbP+G6dKpyMhFpNXjXL50zMU1UJJcdKx4wkrGKC8\nR0adF6VgCiGf8N2+HdQnGBSNAIOvYxGUscV6mdldrVW7EgWmgh3OgDv5jPRkojv0\ndH2eKMKyq0ogCHyoGa4/GBr6Hu7d9Vjta8nZvjfZrO0vjfDEnRwAMWhrsiUnDhMq\ndwym1vwIrzWJukhDfzvhVAjbQn1/SzfoNrwzVL7mnqRlIueO8EySX+uptyFHw+yV\nGUYQjixbPbS/oyew1siStcho2olFuGiNL3UI/laTTwSfrlOiHRrGsPBzgJP9Xuor\n64r5Us7orFniW5S0xQoeyLgvJh7nTqGAV3q+Ldk4rISxmy2CPzcSRMJwLTYN1hq5\nWCyHBKp1Jq0oySdtQLr7SDClRolIscrb8tCPZVmf/vjTP9XfkX82GmOSfXpklyl9\nk0phnvh6ukY5gMU7IZS1VuKbEnjP5T7j2KLZ+W76sSwTyl8nH2JJOpW2HZAPYX4T\nJ+BoVPxSu1kE5XMDIr+lluip7kbA5r1MG2WH3Niovhq4ZOrH+Yzxuquj6mvaL2H0\nJLvuWZcZJm0EFjH5fZiP5gPBn94qmAdVJy9bH1hSQU4Sro+QcoEIEl+bN7iaOzwu\n3vWByNQRI0/upr9UqwMAAAADAQABAAACAFqnQwfNeU/69c4yzlKVVWfuiCYnrw4W\nZ5JJaNkW4efeAryAeX9RkU8UPbNXeYJ429pLSGcZb7orbcCesJPJJxG8YKsMJzM8\n06KdK83ZlD8UNC+4I/HbNkoAHl3HENsCOgzIG1bPDZcD7SHMDjU0WZLPKh6TFrAW\nEPYBWIcMv/Piz1uTlmmnO7JeHzNlxj6fBCdVZ6SGv54ijCOVoBgw0jaGca2bbpm3\njRRTFMDd8/6yV/BFQY3Yk9cCuzAeRC4aMN7gLkNoJZJdKOFDpV30hgjba68mINXF\nVhIRBWrF3+TMShcexzaQa2Ol2i1FmzoC7bfrMuM1uZ7xS5dKCk4QPtK8mf78vr9P\nlPG2+4Dz6m0OKJR2w9UIOCNFRP/IYNaC52ZUBcAKZfIjFyzYpV682ihYP6piIGAu\nhVJyn7qRN0D5eEKKTZA+drThXOE2O8u8lsV1tW6TffbtK0qrWgPISaYXE7Fv88aX\noTPnYs3h0kmEoj4YKUY6LoEUu0mq+WJSNybANMRh9BuAySQMnPJ9qakjfaQUbAVo\niIS39ltGjQMlXqowGNh95MCgzLsKo7qMFiK/LK6lXl7wuU69Ep9X2EZ+4TKt3Z0a\noVNgZAwgz3HxQCXsD1k+h3wL9nEZJAZiERRNHpr7irzeCOPnyuY1gHohzXfQ6mFz\nEVz0xGqihqQFAAABAEWvtviPR0gLF5DDohO7tXzJ2mVh9V6uA2DiuA+w3yGu6TmH\nJ+GtDZdptDnD1hAUEcqOZwC38DCv3YSLddrIZItWAhLo0SimMRcmMpqmWP6coGr7\nL8J4sL4k92bXFTnEMMcoK+Qwms9GDgT5ji7yMNjrIHDP5ahhR0dwExXV/K7/nU/v\n2SjJ/7T4+TxKamtrBvY56R7ExqZgq084XUamVr/L16xLn5Vk7w6Yaco+K5xi85hD\nnKl25XSjXuxaRNpg2PGMP/YQDxcUWRst4sluuwMdP+7z9cRlDGv8BTjIcIW5wvjD\nHuk5vSqrvoFx1ihdYRpYu3xlJr4ihaaKpoku5r4AAAEBAOQqoiItZqj7frlIo0Ji\ngJ0DFKROQmtfTNtQcny/OeE9Xy+fIoVI7ple4PD3k2tNn9ilEsD3wrdO8n+OwHkF\npPWtpt7q1QLHpXqxgcw3NeACSGJFJ2X2OxODDa+NPAwYYv4DPDw8eQ+V9DoRzJ+k\nAP9T0PQKQDbIwEXMUJnHpa2NyxgIbl/StnDV49SOkLjt1cvV+1EVczTpXHn1OBs0\nxoOjK1xZmG5uSDCyk9hGHbbYB1sMJs1p0AiMrA4+3KvO/ES5o63JCBK4zFYTqMCB\nG3w/5iw8KmiQ6dEJ7n+oiv/m0ar2UNunJcgt2QFlQt9F3GN06HENt6bGVP7I0B+g\n+fUAAAEBAPmgVImK7bF5Qwt8ZkdjicG/l7nuw3D86uQ3C7Rlr44lCmS9r3fOXCJY\nTUu+SvU8TRIaJsENRI7yylOSuhqbfX0hwtRD8Os1a26rGY+I1+Q8MQQYKn/UdB+9\nzrkzTeZ7k/Lv8NDdUGdpfNKuNA6Um4Ujc5art9Fsprt5av6gVnjzIz0HEEseMUOp\nEI2T6IWzHOkD2DXNOF7uV1/qh+wGMkxbUBHnq8m6tk87QAMISCNiwV4tGZft+F1t\nT8guiN0XKlwndtl7n546TVAsP6r3VCQMUyYYuknm1EgXfZ5+MnueKS/cFL8Cu/bW\ng7xMDcyncrPvr56gzhRm6MZyo4qVnhcAAAAAAQID\n-----END OPENSSH PRIVATE KEY-----\n",
            "private_key_pem": "-----BEGIN RSA PRIVATE KEY-----\nMIIJKAIBAAKCAgEA3nxdsSdcCsJK82dw+pg1d8f5y1uFoeaZ9dtmKA97iZB7p6j4\nrbP+G6dKpyMhFpNXjXL50zMU1UJJcdKx4wkrGKC8R0adF6VgCiGf8N2+HdQnGBSN\nAIOvYxGUscV6mdldrVW7EgWmgh3OgDv5jPRkojv0dH2eKMKyq0ogCHyoGa4/GBr6\nHu7d9Vjta8nZvjfZrO0vjfDEnRwAMWhrsiUnDhMqdwym1vwIrzWJukhDfzvhVAjb\nQn1/SzfoNrwzVL7mnqRlIueO8EySX+uptyFHw+yVGUYQjixbPbS/oyew1siStcho\n2olFuGiNL3UI/laTTwSfrlOiHRrGsPBzgJP9Xuor64r5Us7orFniW5S0xQoeyLgv\nJh7nTqGAV3q+Ldk4rISxmy2CPzcSRMJwLTYN1hq5WCyHBKp1Jq0oySdtQLr7SDCl\nRolIscrb8tCPZVmf/vjTP9XfkX82GmOSfXpklyl9k0phnvh6ukY5gMU7IZS1VuKb\nEnjP5T7j2KLZ+W76sSwTyl8nH2JJOpW2HZAPYX4TJ+BoVPxSu1kE5XMDIr+lluip\n7kbA5r1MG2WH3Niovhq4ZOrH+Yzxuquj6mvaL2H0JLvuWZcZJm0EFjH5fZiP5gPB\nn94qmAdVJy9bH1hSQU4Sro+QcoEIEl+bN7iaOzwu3vWByNQRI0/upr9UqwMCAwEA\nAQKCAgBap0MHzXlP+vXOMs5SlVVn7ogmJ68OFmeSSWjZFuHn3gK8gHl/UZFPFD2z\nV3mCeNvaS0hnGW+6K23AnrCTyScRvGCrDCczPNOinSvN2ZQ/FDQvuCPx2zZKAB5d\nxxDbAjoMyBtWzw2XA+0hzA41NFmSzyoekxawFhD2AViHDL/z4s9bk5ZppzuyXh8z\nZcY+nwQnVWekhr+eIowjlaAYMNI2hnGtm26Zt40UUxTA3fP+slfwRUGN2JPXArsw\nHkQuGjDe4C5DaCWSXSjhQ6Vd9IYI22uvJiDVxVYSEQVqxd/kzEoXHsc2kGtjpdot\nRZs6Au236zLjNbme8UuXSgpOED7SvJn+/L6/T5TxtvuA8+ptDiiUdsPVCDgjRUT/\nyGDWgudmVAXACmXyIxcs2KVevNooWD+qYiBgLoVScp+6kTdA+XhCik2QPna04Vzh\nNjvLvJbFdbVuk3327StKq1oDyEmmFxOxb/PGl6Ez52LN4dJJhKI+GClGOi6BFLtJ\nqvliUjcmwDTEYfQbgMkkDJzyfampI32kFGwFaIiEt/ZbRo0DJV6qMBjYfeTAoMy7\nCqO6jBYivyyupV5e8LlOvRKfV9hGfuEyrd2dGqFTYGQMIM9x8UAl7A9ZPod8C/Zx\nGSQGYhEUTR6a+4q83gjj58rmNYB6Ic130OphcxFc9MRqooakBQKCAQEA5CqiIi1m\nqPt+uUijQmKAnQMUpE5Ca19M21ByfL854T1fL58ihUjumV7g8PeTa02f2KUSwPfC\nt07yf47AeQWk9a2m3urVAselerGBzDc14AJIYkUnZfY7E4MNr408DBhi/gM8PDx5\nD5X0OhHMn6QA/1PQ9ApANsjARcxQmcelrY3LGAhuX9K2cNXj1I6QuO3Vy9X7URVz\nNOlcefU4GzTGg6MrXFmYbm5IMLKT2EYdttgHWwwmzWnQCIysDj7cq878RLmjrckI\nErjMVhOowIEbfD/mLDwqaJDp0Qnuf6iK/+bRqvZQ26clyC3ZAWVC30XcY3TocQ23\npsZU/sjQH6D59QKCAQEA+aBUiYrtsXlDC3xmR2OJwb+Xue7DcPzq5DcLtGWvjiUK\nZL2vd85cIlhNS75K9TxNEhomwQ1EjvLKU5K6Gpt9fSHC1EPw6zVrbqsZj4jX5Dwx\nBBgqf9R0H73OuTNN5nuT8u/w0N1QZ2l80q40DpSbhSNzlqu30Wymu3lq/qBWePMj\nPQcQSx4xQ6kQjZPohbMc6QPYNc04Xu5XX+qH7AYyTFtQEeerybq2TztAAwhII2LB\nXi0Zl+34XW1PyC6I3RcqXCd22XufnjpNUCw/qvdUJAxTJhi6SebUSBd9nn4ye54p\nL9wUvwK79taDvEwNzKdys++vnqDOFGboxnKjipWeFwKCAQA55Mtw6p4y4GV+M/0g\n2geST3bMXgMiZXMF7vqtxoO0MDNXzQQgV6obBmUDH36ram3VtcT1a6hfhMupLBqQ\nWqtJnz9JLsLPysKlSCcMHzIvXcTqEmv1xi2lPMqbMbX7x7BOjZmaGyoIl1754QxP\nsXiDUMwjL/qtK/EFhNsquerDB8hxl6oR7FBYfx0pEOeN1OM7rlbvcwbhdRj+5QbQ\neGqqehuFekJgOuFcYeN7rAbcHyJ2qrWpx2B+2trJXo/1lDaUZZovfWPsBDHs4V4f\nQmMr+ra3oKiOEb8SSHfYsnZaikHHJGrN4TKIAYIfhYcbSgmqvr4/+WARFB/66g9N\nBzaFAoIBAQCkDA6iWU+9yyAZY0Zf8fUtA7k1csiz7zJ6igZCJnVJp+P9sn6m8FGy\nLG+XsFXYdil8FP2U7yA4BSyb4Zg2Nisw2cgM8R1ZpcCVeRISNu8SSdA4jZ0YZslt\ntrItGZ8/McVX6QFMcbUOUM+8MMl7L4RI6bRjtzPVCF9GYxPChCJv1/E3gPXfN9dO\nTMPZFvO/Mad1JpanPNen42A+Y4WxwZy6e2PScHp/1xlKVnjJxV6LCrJjLqZcJwKK\ne3Tr7FD7Yubuquy7HjgWpt/6KSoqM+Hy0rquFaAPQwgM3IssZmjMvnL4xdxIbwaR\nwAXQ7/Y9oWmLAKBcUfc8hyjAicQaJhs/AoIBAEWvtviPR0gLF5DDohO7tXzJ2mVh\n9V6uA2DiuA+w3yGu6TmHJ+GtDZdptDnD1hAUEcqOZwC38DCv3YSLddrIZItWAhLo\n0SimMRcmMpqmWP6coGr7L8J4sL4k92bXFTnEMMcoK+Qwms9GDgT5ji7yMNjrIHDP\n5ahhR0dwExXV/K7/nU/v2SjJ/7T4+TxKamtrBvY56R7ExqZgq084XUamVr/L16xL\nn5Vk7w6Yaco+K5xi85hDnKl25XSjXuxaRNpg2PGMP/YQDxcUWRst4sluuwMdP+7z\n9cRlDGv8BTjIcIW5wvjDHuk5vSqrvoFx1ihdYRpYu3xlJr4ihaaKpoku5r4=\n-----END RSA PRIVATE KEY-----\n",
            "private_key_pem_pkcs8": "-----BEGIN PRIVATE KEY-----\nMIIJQgIBADANBgkqhkiG9w0BAQEFAASCCSwwggkoAgEAAoICAQDefF2xJ1wKwkrz\nZ3D6mDV3x/nLW4Wh5pn122YoD3uJkHunqPits/4bp0qnIyEWk1eNcvnTMxTVQklx\n0rHjCSsYoLxHRp0XpWAKIZ/w3b4d1CcYFI0Ag69jEZSxxXqZ2V2tVbsSBaaCHc6A\nO/mM9GSiO/R0fZ4owrKrSiAIfKgZrj8YGvoe7t31WO1rydm+N9ms7S+N8MSdHAAx\naGuyJScOEyp3DKbW/AivNYm6SEN/O+FUCNtCfX9LN+g2vDNUvuaepGUi547wTJJf\n66m3IUfD7JUZRhCOLFs9tL+jJ7DWyJK1yGjaiUW4aI0vdQj+VpNPBJ+uU6IdGsaw\n8HOAk/1e6ivrivlSzuisWeJblLTFCh7IuC8mHudOoYBXer4t2TishLGbLYI/NxJE\nwnAtNg3WGrlYLIcEqnUmrSjJJ21AuvtIMKVGiUixytvy0I9lWZ/++NM/1d+RfzYa\nY5J9emSXKX2TSmGe+Hq6RjmAxTshlLVW4psSeM/lPuPYotn5bvqxLBPKXycfYkk6\nlbYdkA9hfhMn4GhU/FK7WQTlcwMiv6WW6KnuRsDmvUwbZYfc2Ki+Grhk6sf5jPG6\nq6Pqa9ovYfQku+5ZlxkmbQQWMfl9mI/mA8Gf3iqYB1UnL1sfWFJBThKuj5BygQgS\nX5s3uJo7PC7e9YHI1BEjT+6mv1SrAwIDAQABAoICAFqnQwfNeU/69c4yzlKVVWfu\niCYnrw4WZ5JJaNkW4efeAryAeX9RkU8UPbNXeYJ429pLSGcZb7orbcCesJPJJxG8\nYKsMJzM806KdK83ZlD8UNC+4I/HbNkoAHl3HENsCOgzIG1bPDZcD7SHMDjU0WZLP\nKh6TFrAWEPYBWIcMv/Piz1uTlmmnO7JeHzNlxj6fBCdVZ6SGv54ijCOVoBgw0jaG\nca2bbpm3jRRTFMDd8/6yV/BFQY3Yk9cCuzAeRC4aMN7gLkNoJZJdKOFDpV30hgjb\na68mINXFVhIRBWrF3+TMShcexzaQa2Ol2i1FmzoC7bfrMuM1uZ7xS5dKCk4QPtK8\nmf78vr9PlPG2+4Dz6m0OKJR2w9UIOCNFRP/IYNaC52ZUBcAKZfIjFyzYpV682ihY\nP6piIGAuhVJyn7qRN0D5eEKKTZA+drThXOE2O8u8lsV1tW6TffbtK0qrWgPISaYX\nE7Fv88aXoTPnYs3h0kmEoj4YKUY6LoEUu0mq+WJSNybANMRh9BuAySQMnPJ9qakj\nfaQUbAVoiIS39ltGjQMlXqowGNh95MCgzLsKo7qMFiK/LK6lXl7wuU69Ep9X2EZ+\n4TKt3Z0aoVNgZAwgz3HxQCXsD1k+h3wL9nEZJAZiERRNHpr7irzeCOPnyuY1gHoh\nzXfQ6mFzEVz0xGqihqQFAoIBAQDkKqIiLWao+365SKNCYoCdAxSkTkJrX0zbUHJ8\nvznhPV8vnyKFSO6ZXuDw95NrTZ/YpRLA98K3TvJ/jsB5BaT1rabe6tUCx6V6sYHM\nNzXgAkhiRSdl9jsTgw2vjTwMGGL+Azw8PHkPlfQ6EcyfpAD/U9D0CkA2yMBFzFCZ\nx6WtjcsYCG5f0rZw1ePUjpC47dXL1ftRFXM06Vx59TgbNMaDoytcWZhubkgwspPY\nRh222AdbDCbNadAIjKwOPtyrzvxEuaOtyQgSuMxWE6jAgRt8P+YsPCpokOnRCe5/\nqIr/5tGq9lDbpyXILdkBZULfRdxjdOhxDbemxlT+yNAfoPn1AoIBAQD5oFSJiu2x\neUMLfGZHY4nBv5e57sNw/OrkNwu0Za+OJQpkva93zlwiWE1Lvkr1PE0SGibBDUSO\n8spTkroam319IcLUQ/DrNWtuqxmPiNfkPDEEGCp/1HQfvc65M03me5Py7/DQ3VBn\naXzSrjQOlJuFI3OWq7fRbKa7eWr+oFZ48yM9BxBLHjFDqRCNk+iFsxzpA9g1zThe\n7ldf6ofsBjJMW1AR56vJurZPO0ADCEgjYsFeLRmX7fhdbU/ILojdFypcJ3bZe5+e\nOk1QLD+q91QkDFMmGLpJ5tRIF32efjJ7nikv3BS/Arv21oO8TA3Mp3Kz76+eoM4U\nZujGcqOKlZ4XAoIBADnky3DqnjLgZX4z/SDaB5JPdsxeAyJlcwXu+q3Gg7QwM1fN\nBCBXqhsGZQMffqtqbdW1xPVrqF+Ey6ksGpBaq0mfP0kuws/KwqVIJwwfMi9dxOoS\na/XGLaU8ypsxtfvHsE6NmZobKgiXXvnhDE+xeINQzCMv+q0r8QWE2yq56sMHyHGX\nqhHsUFh/HSkQ543U4zuuVu9zBuF1GP7lBtB4aqp6G4V6QmA64Vxh43usBtwfInaq\ntanHYH7a2slej/WUNpRlmi99Y+wEMezhXh9CYyv6tregqI4RvxJId9iydlqKQcck\nas3hMogBgh+FhxtKCaq+vj/5YBEUH/rqD00HNoUCggEBAKQMDqJZT73LIBljRl/x\n9S0DuTVyyLPvMnqKBkImdUmn4/2yfqbwUbIsb5ewVdh2KXwU/ZTvIDgFLJvhmDY2\nKzDZyAzxHVmlwJV5EhI27xJJ0DiNnRhmyW22si0Znz8xxVfpAUxxtQ5Qz7wwyXsv\nhEjptGO3M9UIX0ZjE8KEIm/X8TeA9d83105Mw9kW878xp3Umlqc816fjYD5jhbHB\nnLp7Y9Jwen/XGUpWeMnFXosKsmMuplwnAop7dOvsUPti5u6q7LseOBam3/opKioz\n4fLSuq4VoA9DCAzciyxmaMy+cvjF3EhvBpHABdDv9j2haYsAoFxR9zyHKMCJxBom\nGz8CggEARa+2+I9HSAsXkMOiE7u1fMnaZWH1Xq4DYOK4D7DfIa7pOYcn4a0Nl2m0\nOcPWEBQRyo5nALfwMK/dhIt12shki1YCEujRKKYxFyYymqZY/pygavsvwniwviT3\nZtcVOcQwxygr5DCaz0YOBPmOLvIw2OsgcM/lqGFHR3ATFdX8rv+dT+/ZKMn/tPj5\nPEpqa2sG9jnpHsTGpmCrTzhdRqZWv8vXrEuflWTvDphpyj4rnGLzmEOcqXbldKNe\n7FpE2mDY8Yw/9hAPFxRZGy3iyW67Ax0/7vP1xGUMa/wFOMhwhbnC+MMe6Tm9Kqu+\ngXHWKF1hGli7fGUmviKFpoqmiS7mvg==\n-----END PRIVATE KEY-----\n",
            "public_key_fingerprint_md5": "ac:48:3a:f2:5e:6f:2c:7f:0d:21:2d:48:0f:5b:07:e8",
            "public_key_fingerprint_sha256": "SHA256:Tt+Zvh8djQlvS+YEaqQ9kOafAe1HXMHTFZ9CB5Zmxj8",
            "public_key_openssh": "ssh-rsa AAAAB3NzaC1yc2EAAAADAQABAAACAQDefF2xJ1wKwkrzZ3D6mDV3x/nLW4Wh5pn122YoD3uJkHunqPits/4bp0qnIyEWk1eNcvnTMxTVQklx0rHjCSsYoLxHRp0XpWAKIZ/w3b4d1CcYFI0Ag69jEZSxxXqZ2V2tVbsSBaaCHc6AO/mM9GSiO/R0fZ4owrKrSiAIfKgZrj8YGvoe7t31WO1rydm+N9ms7S+N8MSdHAAxaGuyJScOEyp3DKbW/AivNYm6SEN/O+FUCNtCfX9LN+g2vDNUvuaepGUi547wTJJf66m3IUfD7JUZRhCOLFs9tL+jJ7DWyJK1yGjaiUW4aI0vdQj+VpNPBJ+uU6IdGsaw8HOAk/1e6ivrivlSzuisWeJblLTFCh7IuC8mHudOoYBXer4t2TishLGbLYI/NxJEwnAtNg3WGrlYLIcEqnUmrSjJJ21AuvtIMKVGiUixytvy0I9lWZ/++NM/1d+RfzYaY5J9emSXKX2TSmGe+Hq6RjmAxTshlLVW4psSeM/lPuPYotn5bvqxLBPKXycfYkk6lbYdkA9hfhMn4GhU/FK7WQTlcwMiv6WW6KnuRsDmvUwbZYfc2Ki+Grhk6sf5jPG6q6Pqa9ovYfQku+5ZlxkmbQQWMfl9mI/mA8Gf3iqYB1UnL1sfWFJBThKuj5BygQgSX5s3uJo7PC7e9YHI1BEjT+6mv1SrAw==\n",
            "public_key_pem": "-----BEGIN PUBLIC KEY-----\nMIICIjANBgkqhkiG9w0BAQEFAAOCAg8AMIICCgKCAgEA3nxdsSdcCsJK82dw+pg1\nd8f5y1uFoeaZ9dtmKA97iZB7p6j4rbP+G6dKpyMhFpNXjXL50zMU1UJJcdKx4wkr\nGKC8R0adF6VgCiGf8N2+HdQnGBSNAIOvYxGUscV6mdldrVW7EgWmgh3OgDv5jPRk\nojv0dH2eKMKyq0ogCHyoGa4/GBr6Hu7d9Vjta8nZvjfZrO0vjfDEnRwAMWhrsiUn\nDhMqdwym1vwIrzWJukhDfzvhVAjbQn1/SzfoNrwzVL7mnqRlIueO8EySX+uptyFH\nw+yVGUYQjixbPbS/oyew1siStcho2olFuGiNL3UI/laTTwSfrlOiHRrGsPBzgJP9\nXuor64r5Us7orFniW5S0xQoeyLgvJh7nTqGAV3q+Ldk4rISxmy2CPzcSRMJwLTYN\n1hq5WCyHBKp1Jq0oySdtQLr7SDClRolIscrb8tCPZVmf/vjTP9XfkX82GmOSfXpk\nlyl9k0phnvh6ukY5gMU7IZS1VuKbEnjP5T7j2KLZ+W76sSwTyl8nH2JJOpW2HZAP\nYX4TJ+BoVPxSu1kE5XMDIr+lluip7kbA5r1MG2WH3Niovhq4ZOrH+Yzxuquj6mva\nL2H0JLvuWZcZJm0EFjH5fZiP5gPBn94qmAdVJy9bH1hSQU4Sro+QcoEIEl+bN7ia\nOzwu3vWByNQRI0/upr9UqwMCAwEAAQ==\n-----END PUBLIC KEY-----\n",
            "rsa_bits": 4096
          },
          "sensitive_attributes": [
            [
              {
                "type": "get_attr",
                "value": "private_key_openssh"
              }
            ],
            [
              {
                "type": "get_attr",
                "value": "private_key_pem"
              }
            ],
            [
              {
                "type": "get_attr",
                "value": "private_key_pem_pkcs8"
              }
            ]
          ],
          "identity_schema_version": 0
        }
      ]
    }
  ],
  "check_results": null
}
